
Microsoft Visual Studio Solution File, Format Version 12.00
# Visual Studio 15
VisualStudioVersion = 15.0.28010.2019
MinimumVisualStudioVersion = 10.0.40219.1
Project("{FAE04EC0-301F-11D3-BF4B-00C04F79EFBC}") = "App02_TipoPaginaXF.Android", "App02_TipoPaginaXF\App02_TipoPaginaXF.Android\App02_TipoPaginaXF.Android.csproj", "{A4CEE55E-FC46-4F72-B350-72B99CC17145}"
EndProject
Project("{FAE04EC0-301F-11D3-BF4B-00C04F79EFBC}") = "App02_TipoPaginaXF.iOS", "App02_TipoPaginaXF\App02_TipoPaginaXF.iOS\App02_TipoPaginaXF.iOS.csproj", "{957562EF-1FB2-4E69-AB34-0F33E34E3A49}"
EndProject
Project("{FAE04EC0-301F-11D3-BF4B-00C04F79EFBC}") = "App02_TipoPaginaXF.UWP", "App02_TipoPaginaXF\App02_TipoPaginaXF.UWP\App02_TipoPaginaXF.UWP.csproj", "{99E9BAF3-8A5F-42A7-9858-F64E7F916D83}"
EndProject
Project("{FAE04EC0-301F-11D3-BF4B-00C04F79EFBC}") = "App02_TipoPaginaXF", "App02_TipoPaginaXF\App02_TipoPaginaXF\App02_TipoPaginaXF.csproj", "{AA0D6EB9-98E3-4280-A576-6757C1F32755}"
EndProject
Global
	GlobalSection(SolutionConfigurationPlatforms) = preSolution
		Ad-Hoc|Any CPU = Ad-Hoc|Any CPU
		Ad-Hoc|ARM = Ad-Hoc|ARM
		Ad-Hoc|iPhone = Ad-Hoc|iPhone
		Ad-Hoc|iPhoneSimulator = Ad-Hoc|iPhoneSimulator
		Ad-Hoc|x64 = Ad-Hoc|x64
		Ad-Hoc|x86 = Ad-Hoc|x86
		AppStore|Any CPU = AppStore|Any CPU
		AppStore|ARM = AppStore|ARM
		AppStore|iPhone = AppStore|iPhone
		AppStore|iPhoneSimulator = AppStore|iPhoneSimulator
		AppStore|x64 = AppStore|x64
		AppStore|x86 = AppStore|x86
		Debug|Any CPU = Debug|Any CPU
		Debug|ARM = Debug|ARM
		Debug|iPhone = Debug|iPhone
		Debug|iPhoneSimulator = Debug|iPhoneSimulator
		Debug|x64 = Debug|x64
		Debug|x86 = Debug|x86
		Release|Any CPU = Release|Any CPU
		Release|ARM = Release|ARM
		Release|iPhone = Release|iPhone
		Release|iPhoneSimulator = Release|iPhoneSimulator
		Release|x64 = Release|x64
		Release|x86 = Release|x86
	EndGlobalSection
	GlobalSection(ProjectConfigurationPlatforms) = postSolution
		{A4CEE55E-FC46-4F72-B350-72B99CC17145}.Ad-Hoc|Any CPU.ActiveCfg = Release|Any CPU
		{A4CEE55E-FC46-4F72-B350-72B99CC17145}.Ad-Hoc|Any CPU.Build.0 = Release|Any CPU
		{A4CEE55E-FC46-4F72-B350-72B99CC17145}.Ad-Hoc|Any CPU.Deploy.0 = Release|Any CPU
		{A4CEE55E-FC46-4F72-B350-72B99CC17145}.Ad-Hoc|ARM.ActiveCfg = Release|Any CPU
		{A4CEE55E-FC46-4F72-B350-72B99CC17145}.Ad-Hoc|ARM.Build.0 = Release|Any CPU
		{A4CEE55E-FC46-4F72-B350-72B99CC17145}.Ad-Hoc|ARM.Deploy.0 = Release|Any CPU
		{A4CEE55E-FC46-4F72-B350-72B99CC17145}.Ad-Hoc|iPhone.ActiveCfg = Release|Any CPU
		{A4CEE55E-FC46-4F72-B350-72B99CC17145}.Ad-Hoc|iPhone.Build.0 = Release|Any CPU
		{A4CEE55E-FC46-4F72-B350-72B99CC17145}.Ad-Hoc|iPhone.Deploy.0 = Release|Any CPU
		{A4CEE55E-FC46-4F72-B350-72B99CC17145}.Ad-Hoc|iPhoneSimulator.ActiveCfg = Release|Any CPU
		{A4CEE55E-FC46-4F72-B350-72B99CC17145}.Ad-Hoc|iPhoneSimulator.Build.0 = Release|Any CPU
		{A4CEE55E-FC46-4F72-B350-72B99CC17145}.Ad-Hoc|iPhoneSimulator.Deploy.0 = Release|Any CPU
		{A4CEE55E-FC46-4F72-B350-72B99CC17145}.Ad-Hoc|x64.ActiveCfg = Release|Any CPU
		{A4CEE55E-FC46-4F72-B350-72B99CC17145}.Ad-Hoc|x64.Build.0 = Release|Any CPU
		{A4CEE55E-FC46-4F72-B350-72B99CC17145}.Ad-Hoc|x64.Deploy.0 = Release|Any CPU
		{A4CEE55E-FC46-4F72-B350-72B99CC17145}.Ad-Hoc|x86.ActiveCfg = Release|Any CPU
		{A4CEE55E-FC46-4F72-B350-72B99CC17145}.Ad-Hoc|x86.Build.0 = Release|Any CPU
		{A4CEE55E-FC46-4F72-B350-72B99CC17145}.Ad-Hoc|x86.Deploy.0 = Release|Any CPU
		{A4CEE55E-FC46-4F72-B350-72B99CC17145}.AppStore|Any CPU.ActiveCfg = Release|Any CPU
		{A4CEE55E-FC46-4F72-B350-72B99CC17145}.AppStore|Any CPU.Build.0 = Release|Any CPU
		{A4CEE55E-FC46-4F72-B350-72B99CC17145}.AppStore|Any CPU.Deploy.0 = Release|Any CPU
		{A4CEE55E-FC46-4F72-B350-72B99CC17145}.AppStore|ARM.ActiveCfg = Release|Any CPU
		{A4CEE55E-FC46-4F72-B350-72B99CC17145}.AppStore|ARM.Build.0 = Release|Any CPU
		{A4CEE55E-FC46-4F72-B350-72B99CC17145}.AppStore|ARM.Deploy.0 = Release|Any CPU
		{A4CEE55E-FC46-4F72-B350-72B99CC17145}.AppStore|iPhone.ActiveCfg = Release|Any CPU
		{A4CEE55E-FC46-4F72-B350-72B99CC17145}.AppStore|iPhone.Build.0 = Release|Any CPU
		{A4CEE55E-FC46-4F72-B350-72B99CC17145}.AppStore|iPhone.Deploy.0 = Release|Any CPU
		{A4CEE55E-FC46-4F72-B350-72B99CC17145}.AppStore|iPhoneSimulator.ActiveCfg = Release|Any CPU
		{A4CEE55E-FC46-4F72-B350-72B99CC17145}.AppStore|iPhoneSimulator.Build.0 = Release|Any CPU
		{A4CEE55E-FC46-4F72-B350-72B99CC17145}.AppStore|iPhoneSimulator.Deploy.0 = Release|Any CPU
		{A4CEE55E-FC46-4F72-B350-72B99CC17145}.AppStore|x64.ActiveCfg = Release|Any CPU
		{A4CEE55E-FC46-4F72-B350-72B99CC17145}.AppStore|x64.Build.0 = Release|Any CPU
		{A4CEE55E-FC46-4F72-B350-72B99CC17145}.AppStore|x64.Deploy.0 = Release|Any CPU
		{A4CEE55E-FC46-4F72-B350-72B99CC17145}.AppStore|x86.ActiveCfg = Release|Any CPU
		{A4CEE55E-FC46-4F72-B350-72B99CC17145}.AppStore|x86.Build.0 = Release|Any CPU
		{A4CEE55E-FC46-4F72-B350-72B99CC17145}.AppStore|x86.Deploy.0 = Release|Any CPU
		{A4CEE55E-FC46-4F72-B350-72B99CC17145}.Debug|Any CPU.ActiveCfg = Debug|Any CPU
		{A4CEE55E-FC46-4F72-B350-72B99CC17145}.Debug|Any CPU.Build.0 = Debug|Any CPU
		{A4CEE55E-FC46-4F72-B350-72B99CC17145}.Debug|Any CPU.Deploy.0 = Debug|Any CPU
		{A4CEE55E-FC46-4F72-B350-72B99CC17145}.Debug|ARM.ActiveCfg = Debug|Any CPU
		{A4CEE55E-FC46-4F72-B350-72B99CC17145}.Debug|ARM.Build.0 = Debug|Any CPU
		{A4CEE55E-FC46-4F72-B350-72B99CC17145}.Debug|ARM.Deploy.0 = Debug|Any CPU
		{A4CEE55E-FC46-4F72-B350-72B99CC17145}.Debug|iPhone.ActiveCfg = Debug|Any CPU
		{A4CEE55E-FC46-4F72-B350-72B99CC17145}.Debug|iPhone.Build.0 = Debug|Any CPU
		{A4CEE55E-FC46-4F72-B350-72B99CC17145}.Debug|iPhone.Deploy.0 = Debug|Any CPU
		{A4CEE55E-FC46-4F72-B350-72B99CC17145}.Debug|iPhoneSimulator.ActiveCfg = Debug|Any CPU
		{A4CEE55E-FC46-4F72-B350-72B99CC17145}.Debug|iPhoneSimulator.Build.0 = Debug|Any CPU
		{A4CEE55E-FC46-4F72-B350-72B99CC17145}.Debug|iPhoneSimulator.Deploy.0 = Debug|Any CPU
		{A4CEE55E-FC46-4F72-B350-72B99CC17145}.Debug|x64.ActiveCfg = Debug|Any CPU
		{A4CEE55E-FC46-4F72-B350-72B99CC17145}.Debug|x64.Build.0 = Debug|Any CPU
		{A4CEE55E-FC46-4F72-B350-72B99CC17145}.Debug|x64.Deploy.0 = Debug|Any CPU
		{A4CEE55E-FC46-4F72-B350-72B99CC17145}.Debug|x86.ActiveCfg = Debug|Any CPU
		{A4CEE55E-FC46-4F72-B350-72B99CC17145}.Debug|x86.Build.0 = Debug|Any CPU
		{A4CEE55E-FC46-4F72-B350-72B99CC17145}.Debug|x86.Deploy.0 = Debug|Any CPU
		{A4CEE55E-FC46-4F72-B350-72B99CC17145}.Release|Any CPU.ActiveCfg = Release|Any CPU
		{A4CEE55E-FC46-4F72-B350-72B99CC17145}.Release|Any CPU.Build.0 = Release|Any CPU
		{A4CEE55E-FC46-4F72-B350-72B99CC17145}.Release|Any CPU.Deploy.0 = Release|Any CPU
		{A4CEE55E-FC46-4F72-B350-72B99CC17145}.Release|ARM.ActiveCfg = Release|Any CPU
		{A4CEE55E-FC46-4F72-B350-72B99CC17145}.Release|ARM.Build.0 = Release|Any CPU
		{A4CEE55E-FC46-4F72-B350-72B99CC17145}.Release|ARM.Deploy.0 = Release|Any CPU
		{A4CEE55E-FC46-4F72-B350-72B99CC17145}.Release|iPhone.ActiveCfg = Release|Any CPU
		{A4CEE55E-FC46-4F72-B350-72B99CC17145}.Release|iPhone.Build.0 = Release|Any CPU
		{A4CEE55E-FC46-4F72-B350-72B99CC17145}.Release|iPhone.Deploy.0 = Release|Any CPU
		{A4CEE55E-FC46-4F72-B350-72B99CC17145}.Release|iPhoneSimulator.ActiveCfg = Release|Any CPU
		{A4CEE55E-FC46-4F72-B350-72B99CC17145}.Release|iPhoneSimulator.Build.0 = Release|Any CPU
		{A4CEE55E-FC46-4F72-B350-72B99CC17145}.Release|iPhoneSimulator.Deploy.0 = Release|Any CPU
		{A4CEE55E-FC46-4F72-B350-72B99CC17145}.Release|x64.ActiveCfg = Release|Any CPU
		{A4CEE55E-FC46-4F72-B350-72B99CC17145}.Release|x64.Build.0 = Release|Any CPU
		{A4CEE55E-FC46-4F72-B350-72B99CC17145}.Release|x64.Deploy.0 = Release|Any CPU
		{A4CEE55E-FC46-4F72-B350-72B99CC17145}.Release|x86.ActiveCfg = Release|Any CPU
		{A4CEE55E-FC46-4F72-B350-72B99CC17145}.Release|x86.Build.0 = Release|Any CPU
		{A4CEE55E-FC46-4F72-B350-72B99CC17145}.Release|x86.Deploy.0 = Release|Any CPU
		{957562EF-1FB2-4E69-AB34-0F33E34E3A49}.Ad-Hoc|Any CPU.ActiveCfg = Ad-Hoc|iPhone
		{957562EF-1FB2-4E69-AB34-0F33E34E3A49}.Ad-Hoc|Any CPU.Build.0 = Ad-Hoc|iPhone
		{957562EF-1FB2-4E69-AB34-0F33E34E3A49}.Ad-Hoc|Any CPU.Deploy.0 = Ad-Hoc|iPhone
		{957562EF-1FB2-4E69-AB34-0F33E34E3A49}.Ad-Hoc|ARM.ActiveCfg = Ad-Hoc|iPhone
		{957562EF-1FB2-4E69-AB34-0F33E34E3A49}.Ad-Hoc|ARM.Build.0 = Ad-Hoc|iPhone
		{957562EF-1FB2-4E69-AB34-0F33E34E3A49}.Ad-Hoc|ARM.Deploy.0 = Ad-Hoc|iPhone
		{957562EF-1FB2-4E69-AB34-0F33E34E3A49}.Ad-Hoc|iPhone.ActiveCfg = Ad-Hoc|iPhone
		{957562EF-1FB2-4E69-AB34-0F33E34E3A49}.Ad-Hoc|iPhone.Build.0 = Ad-Hoc|iPhone
		{957562EF-1FB2-4E69-AB34-0F33E34E3A49}.Ad-Hoc|iPhone.Deploy.0 = Ad-Hoc|iPhone
		{957562EF-1FB2-4E69-AB34-0F33E34E3A49}.Ad-Hoc|iPhoneSimulator.ActiveCfg = Ad-Hoc|iPhoneSimulator
		{957562EF-1FB2-4E69-AB34-0F33E34E3A49}.Ad-Hoc|iPhoneSimulator.Build.0 = Ad-Hoc|iPhoneSimulator
		{957562EF-1FB2-4E69-AB34-0F33E34E3A49}.Ad-Hoc|iPhoneSimulator.Deploy.0 = Ad-Hoc|iPhoneSimulator
		{957562EF-1FB2-4E69-AB34-0F33E34E3A49}.Ad-Hoc|x64.ActiveCfg = Ad-Hoc|iPhone
		{957562EF-1FB2-4E69-AB34-0F33E34E3A49}.Ad-Hoc|x64.Build.0 = Ad-Hoc|iPhone
		{957562EF-1FB2-4E69-AB34-0F33E34E3A49}.Ad-Hoc|x64.Deploy.0 = Ad-Hoc|iPhone
		{957562EF-1FB2-4E69-AB34-0F33E34E3A49}.Ad-Hoc|x86.ActiveCfg = Ad-Hoc|iPhone
		{957562EF-1FB2-4E69-AB34-0F33E34E3A49}.Ad-Hoc|x86.Build.0 = Ad-Hoc|iPhone
		{957562EF-1FB2-4E69-AB34-0F33E34E3A49}.Ad-Hoc|x86.Deploy.0 = Ad-Hoc|iPhone
		{957562EF-1FB2-4E69-AB34-0F33E34E3A49}.AppStore|Any CPU.ActiveCfg = AppStore|iPhone
		{957562EF-1FB2-4E69-AB34-0F33E34E3A49}.AppStore|Any CPU.Build.0 = AppStore|iPhone
		{957562EF-1FB2-4E69-AB34-0F33E34E3A49}.AppStore|Any CPU.Deploy.0 = AppStore|iPhone
		{957562EF-1FB2-4E69-AB34-0F33E34E3A49}.AppStore|ARM.ActiveCfg = AppStore|iPhone
		{957562EF-1FB2-4E69-AB34-0F33E34E3A49}.AppStore|ARM.Build.0 = AppStore|iPhone
		{957562EF-1FB2-4E69-AB34-0F33E34E3A49}.AppStore|ARM.Deploy.0 = AppStore|iPhone
		{957562EF-1FB2-4E69-AB34-0F33E34E3A49}.AppStore|iPhone.ActiveCfg = AppStore|iPhone
		{957562EF-1FB2-4E69-AB34-0F33E34E3A49}.AppStore|iPhone.Build.0 = AppStore|iPhone
		{957562EF-1FB2-4E69-AB34-0F33E34E3A49}.AppStore|iPhone.Deploy.0 = AppStore|iPhone
		{957562EF-1FB2-4E69-AB34-0F33E34E3A49}.AppStore|iPhoneSimulator.ActiveCfg = AppStore|iPhoneSimulator
		{957562EF-1FB2-4E69-AB34-0F33E34E3A49}.AppStore|iPhoneSimulator.Build.0 = AppStore|iPhoneSimulator
		{957562EF-1FB2-4E69-AB34-0F33E34E3A49}.AppStore|iPhoneSimulator.Deploy.0 = AppStore|iPhoneSimulator
		{957562EF-1FB2-4E69-AB34-0F33E34E3A49}.AppStore|x64.ActiveCfg = AppStore|iPhone
		{957562EF-1FB2-4E69-AB34-0F33E34E3A49}.AppStore|x64.Build.0 = AppStore|iPhone
		{957562EF-1FB2-4E69-AB34-0F33E34E3A49}.AppStore|x64.Deploy.0 = AppStore|iPhone
		{957562EF-1FB2-4E69-AB34-0F33E34E3A49}.AppStore|x86.ActiveCfg = AppStore|iPhone
		{957562EF-1FB2-4E69-AB34-0F33E34E3A49}.AppStore|x86.Build.0 = AppStore|iPhone
		{957562EF-1FB2-4E69-AB34-0F33E34E3A49}.AppStore|x86.Deploy.0 = AppStore|iPhone
		{957562EF-1FB2-4E69-AB34-0F33E34E3A49}.Debug|Any CPU.ActiveCfg = Debug|iPhoneSimulator
		{957562EF-1FB2-4E69-AB34-0F33E34E3A49}.Debug|Any CPU.Build.0 = Debug|iPhoneSimulator
		{957562EF-1FB2-4E69-AB34-0F33E34E3A49}.Debug|Any CPU.Deploy.0 = Debug|iPhoneSimulator
		{957562EF-1FB2-4E69-AB34-0F33E34E3A49}.Debug|ARM.ActiveCfg = Debug|iPhone
		{957562EF-1FB2-4E69-AB34-0F33E34E3A49}.Debug|ARM.Build.0 = Debug|iPhone
		{957562EF-1FB2-4E69-AB34-0F33E34E3A49}.Debug|ARM.Deploy.0 = Debug|iPhone
		{957562EF-1FB2-4E69-AB34-0F33E34E3A49}.Debug|iPhone.ActiveCfg = Debug|iPhone
		{957562EF-1FB2-4E69-AB34-0F33E34E3A49}.Debug|iPhone.Build.0 = Debug|iPhone
		{957562EF-1FB2-4E69-AB34-0F33E34E3A49}.Debug|iPhone.Deploy.0 = Debug|iPhone
		{957562EF-1FB2-4E69-AB34-0F33E34E3A49}.Debug|iPhoneSimulator.ActiveCfg = Debug|iPhoneSimulator
		{957562EF-1FB2-4E69-AB34-0F33E34E3A49}.Debug|iPhoneSimulator.Build.0 = Debug|iPhoneSimulator
		{957562EF-1FB2-4E69-AB34-0F33E34E3A49}.Debug|iPhoneSimulator.Deploy.0 = Debug|iPhoneSimulator
		{957562EF-1FB2-4E69-AB34-0F33E34E3A49}.Debug|x64.ActiveCfg = Debug|iPhone
		{957562EF-1FB2-4E69-AB34-0F33E34E3A49}.Debug|x64.Build.0 = Debug|iPhone
		{957562EF-1FB2-4E69-AB34-0F33E34E3A49}.Debug|x64.Deploy.0 = Debug|iPhone
		{957562EF-1FB2-4E69-AB34-0F33E34E3A49}.Debug|x86.ActiveCfg = Debug|iPhone
		{957562EF-1FB2-4E69-AB34-0F33E34E3A49}.Debug|x86.Build.0 = Debug|iPhone
		{957562EF-1FB2-4E69-AB34-0F33E34E3A49}.Debug|x86.Deploy.0 = Debug|iPhone
		{957562EF-1FB2-4E69-AB34-0F33E34E3A49}.Release|Any CPU.ActiveCfg = Release|iPhone
		{957562EF-1FB2-4E69-AB34-0F33E34E3A49}.Release|Any CPU.Build.0 = Release|iPhone
		{957562EF-1FB2-4E69-AB34-0F33E34E3A49}.Release|Any CPU.Deploy.0 = Release|iPhone
		{957562EF-1FB2-4E69-AB34-0F33E34E3A49}.Release|ARM.ActiveCfg = Release|iPhone
		{957562EF-1FB2-4E69-AB34-0F33E34E3A49}.Release|ARM.Build.0 = Release|iPhone
		{957562EF-1FB2-4E69-AB34-0F33E34E3A49}.Release|ARM.Deploy.0 = Release|iPhone
		{957562EF-1FB2-4E69-AB34-0F33E34E3A49}.Release|iPhone.ActiveCfg = Release|iPhone
		{957562EF-1FB2-4E69-AB34-0F33E34E3A49}.Release|iPhone.Build.0 = Release|iPhone
		{957562EF-1FB2-4E69-AB34-0F33E34E3A49}.Release|iPhone.Deploy.0 = Release|iPhone
		{957562EF-1FB2-4E69-AB34-0F33E34E3A49}.Release|iPhoneSimulator.ActiveCfg = Release|iPhoneSimulator
		{957562EF-1FB2-4E69-AB34-0F33E34E3A49}.Release|iPhoneSimulator.Build.0 = Release|iPhoneSimulator
		{957562EF-1FB2-4E69-AB34-0F33E34E3A49}.Release|iPhoneSimulator.Deploy.0 = Release|iPhoneSimulator
		{957562EF-1FB2-4E69-AB34-0F33E34E3A49}.Release|x64.ActiveCfg = Release|iPhone
		{957562EF-1FB2-4E69-AB34-0F33E34E3A49}.Release|x64.Build.0 = Release|iPhone
		{957562EF-1FB2-4E69-AB34-0F33E34E3A49}.Release|x64.Deploy.0 = Release|iPhone
		{957562EF-1FB2-4E69-AB34-0F33E34E3A49}.Release|x86.ActiveCfg = Release|iPhone
		{957562EF-1FB2-4E69-AB34-0F33E34E3A49}.Release|x86.Build.0 = Release|iPhone
		{957562EF-1FB2-4E69-AB34-0F33E34E3A49}.Release|x86.Deploy.0 = Release|iPhone
		{99E9BAF3-8A5F-42A7-9858-F64E7F916D83}.Ad-Hoc|Any CPU.ActiveCfg = Release|x86
		{99E9BAF3-8A5F-42A7-9858-F64E7F916D83}.Ad-Hoc|Any CPU.Build.0 = Release|x86
		{99E9BAF3-8A5F-42A7-9858-F64E7F916D83}.Ad-Hoc|Any CPU.Deploy.0 = Release|x86
		{99E9BAF3-8A5F-42A7-9858-F64E7F916D83}.Ad-Hoc|ARM.ActiveCfg = Release|ARM
		{99E9BAF3-8A5F-42A7-9858-F64E7F916D83}.Ad-Hoc|ARM.Build.0 = Release|ARM
		{99E9BAF3-8A5F-42A7-9858-F64E7F916D83}.Ad-Hoc|ARM.Deploy.0 = Release|ARM
		{99E9BAF3-8A5F-42A7-9858-F64E7F916D83}.Ad-Hoc|iPhone.ActiveCfg = Release|x86
		{99E9BAF3-8A5F-42A7-9858-F64E7F916D83}.Ad-Hoc|iPhone.Build.0 = Release|x86
		{99E9BAF3-8A5F-42A7-9858-F64E7F916D83}.Ad-Hoc|iPhone.Deploy.0 = Release|x86
		{99E9BAF3-8A5F-42A7-9858-F64E7F916D83}.Ad-Hoc|iPhoneSimulator.ActiveCfg = Release|x86
		{99E9BAF3-8A5F-42A7-9858-F64E7F916D83}.Ad-Hoc|iPhoneSimulator.Build.0 = Release|x86
		{99E9BAF3-8A5F-42A7-9858-F64E7F916D83}.Ad-Hoc|iPhoneSimulator.Deploy.0 = Release|x86
		{99E9BAF3-8A5F-42A7-9858-F64E7F916D83}.Ad-Hoc|x64.ActiveCfg = Release|x64
		{99E9BAF3-8A5F-42A7-9858-F64E7F916D83}.Ad-Hoc|x64.Build.0 = Release|x64
		{99E9BAF3-8A5F-42A7-9858-F64E7F916D83}.Ad-Hoc|x64.Deploy.0 = Release|x64
		{99E9BAF3-8A5F-42A7-9858-F64E7F916D83}.Ad-Hoc|x86.ActiveCfg = Release|x86
		{99E9BAF3-8A5F-42A7-9858-F64E7F916D83}.Ad-Hoc|x86.Build.0 = Release|x86
		{99E9BAF3-8A5F-42A7-9858-F64E7F916D83}.Ad-Hoc|x86.Deploy.0 = Release|x86
		{99E9BAF3-8A5F-42A7-9858-F64E7F916D83}.AppStore|Any CPU.ActiveCfg = Release|x86
		{99E9BAF3-8A5F-42A7-9858-F64E7F916D83}.AppStore|Any CPU.Build.0 = Release|x86
		{99E9BAF3-8A5F-42A7-9858-F64E7F916D83}.AppStore|Any CPU.Deploy.0 = Release|x86
		{99E9BAF3-8A5F-42A7-9858-F64E7F916D83}.AppStore|ARM.ActiveCfg = Release|ARM
		{99E9BAF3-8A5F-42A7-9858-F64E7F916D83}.AppStore|ARM.Build.0 = Release|ARM
		{99E9BAF3-8A5F-42A7-9858-F64E7F916D83}.AppStore|ARM.Deploy.0 = Release|ARM
		{99E9BAF3-8A5F-42A7-9858-F64E7F916D83}.AppStore|iPhone.ActiveCfg = Release|x86
		{99E9BAF3-8A5F-42A7-9858-F64E7F916D83}.AppStore|iPhone.Build.0 = Release|x86
		{99E9BAF3-8A5F-42A7-9858-F64E7F916D83}.AppStore|iPhone.Deploy.0 = Release|x86
		{99E9BAF3-8A5F-42A7-9858-F64E7F916D83}.AppStore|iPhoneSimulator.ActiveCfg = Release|x86
		{99E9BAF3-8A5F-42A7-9858-F64E7F916D83}.AppStore|iPhoneSimulator.Build.0 = Release|x86
		{99E9BAF3-8A5F-42A7-9858-F64E7F916D83}.AppStore|iPhoneSimulator.Deploy.0 = Release|x86
		{99E9BAF3-8A5F-42A7-9858-F64E7F916D83}.AppStore|x64.ActiveCfg = Release|x64
		{99E9BAF3-8A5F-42A7-9858-F64E7F916D83}.AppStore|x64.Build.0 = Release|x64
		{99E9BAF3-8A5F-42A7-9858-F64E7F916D83}.AppStore|x64.Deploy.0 = Release|x64
		{99E9BAF3-8A5F-42A7-9858-F64E7F916D83}.AppStore|x86.ActiveCfg = Release|x86
		{99E9BAF3-8A5F-42A7-9858-F64E7F916D83}.AppStore|x86.Build.0 = Release|x86
		{99E9BAF3-8A5F-42A7-9858-F64E7F916D83}.AppStore|x86.Deploy.0 = Release|x86
		{99E9BAF3-8A5F-42A7-9858-F64E7F916D83}.Debug|Any CPU.ActiveCfg = Debug|x86
		{99E9BAF3-8A5F-42A7-9858-F64E7F916D83}.Debug|Any CPU.Build.0 = Debug|x86
		{99E9BAF3-8A5F-42A7-9858-F64E7F916D83}.Debug|Any CPU.Deploy.0 = Debug|x86
		{99E9BAF3-8A5F-42A7-9858-F64E7F916D83}.Debug|ARM.ActiveCfg = Debug|ARM
		{99E9BAF3-8A5F-42A7-9858-F64E7F916D83}.Debug|ARM.Build.0 = Debug|ARM
		{99E9BAF3-8A5F-42A7-9858-F64E7F916D83}.Debug|ARM.Deploy.0 = Debug|ARM
		{99E9BAF3-8A5F-42A7-9858-F64E7F916D83}.Debug|iPhone.ActiveCfg = Debug|x86
		{99E9BAF3-8A5F-42A7-9858-F64E7F916D83}.Debug|iPhone.Build.0 = Debug|x86
		{99E9BAF3-8A5F-42A7-9858-F64E7F916D83}.Debug|iPhone.Deploy.0 = Debug|x86
		{99E9BAF3-8A5F-42A7-9858-F64E7F916D83}.Debug|iPhoneSimulator.ActiveCfg = Debug|x86
		{99E9BAF3-8A5F-42A7-9858-F64E7F916D83}.Debug|iPhoneSimulator.Build.0 = Debug|x86
		{99E9BAF3-8A5F-42A7-9858-F64E7F916D83}.Debug|iPhoneSimulator.Deploy.0 = Debug|x86
		{99E9BAF3-8A5F-42A7-9858-F64E7F916D83}.Debug|x64.ActiveCfg = Debug|x64
		{99E9BAF3-8A5F-42A7-9858-F64E7F916D83}.Debug|x64.Build.0 = Debug|x64
		{99E9BAF3-8A5F-42A7-9858-F64E7F916D83}.Debug|x64.Deploy.0 = Debug|x64
		{99E9BAF3-8A5F-42A7-9858-F64E7F916D83}.Debug|x86.ActiveCfg = Debug|x86
		{99E9BAF3-8A5F-42A7-9858-F64E7F916D83}.Debug|x86.Build.0 = Debug|x86
		{99E9BAF3-8A5F-42A7-9858-F64E7F916D83}.Debug|x86.Deploy.0 = Debug|x86
		{99E9BAF3-8A5F-42A7-9858-F64E7F916D83}.Release|Any CPU.ActiveCfg = Release|x86
		{99E9BAF3-8A5F-42A7-9858-F64E7F916D83}.Release|Any CPU.Build.0 = Release|x86
		{99E9BAF3-8A5F-42A7-9858-F64E7F916D83}.Release|Any CPU.Deploy.0 = Release|x86
		{99E9BAF3-8A5F-42A7-9858-F64E7F916D83}.Release|ARM.ActiveCfg = Release|ARM
		{99E9BAF3-8A5F-42A7-9858-F64E7F916D83}.Release|ARM.Build.0 = Release|ARM
		{99E9BAF3-8A5F-42A7-9858-F64E7F916D83}.Release|ARM.Deploy.0 = Release|ARM
		{99E9BAF3-8A5F-42A7-9858-F64E7F916D83}.Release|iPhone.ActiveCfg = Release|x86
		{99E9BAF3-8A5F-42A7-9858-F64E7F916D83}.Release|iPhone.Build.0 = Release|x86
		{99E9BAF3-8A5F-42A7-9858-F64E7F916D83}.Release|iPhone.Deploy.0 = Release|x86
		{99E9BAF3-8A5F-42A7-9858-F64E7F916D83}.Release|iPhoneSimulator.ActiveCfg = Release|x86
		{99E9BAF3-8A5F-42A7-9858-F64E7F916D83}.Release|iPhoneSimulator.Build.0 = Release|x86
		{99E9BAF3-8A5F-42A7-9858-F64E7F916D83}.Release|iPhoneSimulator.Deploy.0 = Release|x86
		{99E9BAF3-8A5F-42A7-9858-F64E7F916D83}.Release|x64.ActiveCfg = Release|x64
		{99E9BAF3-8A5F-42A7-9858-F64E7F916D83}.Release|x64.Build.0 = Release|x64
		{99E9BAF3-8A5F-42A7-9858-F64E7F916D83}.Release|x64.Deploy.0 = Release|x64
		{99E9BAF3-8A5F-42A7-9858-F64E7F916D83}.Release|x86.ActiveCfg = Release|x86
		{99E9BAF3-8A5F-42A7-9858-F64E7F916D83}.Release|x86.Build.0 = Release|x86
		{99E9BAF3-8A5F-42A7-9858-F64E7F916D83}.Release|x86.Deploy.0 = Release|x86
		{AA0D6EB9-98E3-4280-A576-6757C1F32755}.Ad-Hoc|Any CPU.ActiveCfg = Debug|Any CPU
		{AA0D6EB9-98E3-4280-A576-6757C1F32755}.Ad-Hoc|Any CPU.Build.0 = Debug|Any CPU
		{AA0D6EB9-98E3-4280-A576-6757C1F32755}.Ad-Hoc|Any CPU.Deploy.0 = Debug|Any CPU
		{AA0D6EB9-98E3-4280-A576-6757C1F32755}.Ad-Hoc|ARM.ActiveCfg = Debug|Any CPU
		{AA0D6EB9-98E3-4280-A576-6757C1F32755}.Ad-Hoc|ARM.Build.0 = Debug|Any CPU
		{AA0D6EB9-98E3-4280-A576-6757C1F32755}.Ad-Hoc|ARM.Deploy.0 = Debug|Any CPU
		{AA0D6EB9-98E3-4280-A576-6757C1F32755}.Ad-Hoc|iPhone.ActiveCfg = Debug|Any CPU
		{AA0D6EB9-98E3-4280-A576-6757C1F32755}.Ad-Hoc|iPhone.Build.0 = Debug|Any CPU
		{AA0D6EB9-98E3-4280-A576-6757C1F32755}.Ad-Hoc|iPhone.Deploy.0 = Debug|Any CPU
		{AA0D6EB9-98E3-4280-A576-6757C1F32755}.Ad-Hoc|iPhoneSimulator.ActiveCfg = Debug|Any CPU
		{AA0D6EB9-98E3-4280-A576-6757C1F32755}.Ad-Hoc|iPhoneSimulator.Build.0 = Debug|Any CPU
		{AA0D6EB9-98E3-4280-A576-6757C1F32755}.Ad-Hoc|iPhoneSimulator.Deploy.0 = Debug|Any CPU
		{AA0D6EB9-98E3-4280-A576-6757C1F32755}.Ad-Hoc|x64.ActiveCfg = Debug|Any CPU
		{AA0D6EB9-98E3-4280-A576-6757C1F32755}.Ad-Hoc|x64.Build.0 = Debug|Any CPU
		{AA0D6EB9-98E3-4280-A576-6757C1F32755}.Ad-Hoc|x64.Deploy.0 = Debug|Any CPU
		{AA0D6EB9-98E3-4280-A576-6757C1F32755}.Ad-Hoc|x86.ActiveCfg = Debug|Any CPU
		{AA0D6EB9-98E3-4280-A576-6757C1F32755}.Ad-Hoc|x86.Build.0 = Debug|Any CPU
		{AA0D6EB9-98E3-4280-A576-6757C1F32755}.Ad-Hoc|x86.Deploy.0 = Debug|Any CPU
		{AA0D6EB9-98E3-4280-A576-6757C1F32755}.AppStore|Any CPU.ActiveCfg = Debug|Any CPU
		{AA0D6EB9-98E3-4280-A576-6757C1F32755}.AppStore|Any CPU.Build.0 = Debug|Any CPU
		{AA0D6EB9-98E3-4280-A576-6757C1F32755}.AppStore|Any CPU.Deploy.0 = Debug|Any CPU
		{AA0D6EB9-98E3-4280-A576-6757C1F32755}.AppStore|ARM.ActiveCfg = Debug|Any CPU
		{AA0D6EB9-98E3-4280-A576-6757C1F32755}.AppStore|ARM.Build.0 = Debug|Any CPU
		{AA0D6EB9-98E3-4280-A576-6757C1F32755}.AppStore|ARM.Deploy.0 = Debug|Any CPU
		{AA0D6EB9-98E3-4280-A576-6757C1F32755}.AppStore|iPhone.ActiveCfg = Debug|Any CPU
		{AA0D6EB9-98E3-4280-A576-6757C1F32755}.AppStore|iPhone.Build.0 = Debug|Any CPU
		{AA0D6EB9-98E3-4280-A576-6757C1F32755}.AppStore|iPhone.Deploy.0 = Debug|Any CPU
		{AA0D6EB9-98E3-4280-A576-6757C1F32755}.AppStore|iPhoneSimulator.ActiveCfg = Debug|Any CPU
		{AA0D6EB9-98E3-4280-A576-6757C1F32755}.AppStore|iPhoneSimulator.Build.0 = Debug|Any CPU
		{AA0D6EB9-98E3-4280-A576-6757C1F32755}.AppStore|iPhoneSimulator.Deploy.0 = Debug|Any CPU
		{AA0D6EB9-98E3-4280-A576-6757C1F32755}.AppStore|x64.ActiveCfg = Debug|Any CPU
		{AA0D6EB9-98E3-4280-A576-6757C1F32755}.AppStore|x64.Build.0 = Debug|Any CPU
		{AA0D6EB9-98E3-4280-A576-6757C1F32755}.AppStore|x64.Deploy.0 = Debug|Any CPU
		{AA0D6EB9-98E3-4280-A576-6757C1F32755}.AppStore|x86.ActiveCfg = Debug|Any CPU
		{AA0D6EB9-98E3-4280-A576-6757C1F32755}.AppStore|x86.Build.0 = Debug|Any CPU
		{AA0D6EB9-98E3-4280-A576-6757C1F32755}.AppStore|x86.Deploy.0 = Debug|Any CPU
		{AA0D6EB9-98E3-4280-A576-6757C1F32755}.Debug|Any CPU.ActiveCfg = Debug|Any CPU
		{AA0D6EB9-98E3-4280-A576-6757C1F32755}.Debug|Any CPU.Build.0 = Debug|Any CPU
		{AA0D6EB9-98E3-4280-A576-6757C1F32755}.Debug|Any CPU.Deploy.0 = Debug|Any CPU
		{AA0D6EB9-98E3-4280-A576-6757C1F32755}.Debug|ARM.ActiveCfg = Debug|Any CPU
		{AA0D6EB9-98E3-4280-A576-6757C1F32755}.Debug|ARM.Build.0 = Debug|Any CPU
		{AA0D6EB9-98E3-4280-A576-6757C1F32755}.Debug|ARM.Deploy.0 = Debug|Any CPU
		{AA0D6EB9-98E3-4280-A576-6757C1F32755}.Debug|iPhone.ActiveCfg = Debug|Any CPU
		{AA0D6EB9-98E3-4280-A576-6757C1F32755}.Debug|iPhone.Build.0 = Debug|Any CPU
		{AA0D6EB9-98E3-4280-A576-6757C1F32755}.Debug|iPhone.Deploy.0 = Debug|Any CPU
		{AA0D6EB9-98E3-4280-A576-6757C1F32755}.Debug|iPhoneSimulator.ActiveCfg = Debug|Any CPU
		{AA0D6EB9-98E3-4280-A576-6757C1F32755}.Debug|iPhoneSimulator.Build.0 = Debug|Any CPU
		{AA0D6EB9-98E3-4280-A576-6757C1F32755}.Debug|iPhoneSimulator.Deploy.0 = Debug|Any CPU
		{AA0D6EB9-98E3-4280-A576-6757C1F32755}.Debug|x64.ActiveCfg = Debug|Any CPU
		{AA0D6EB9-98E3-4280-A576-6757C1F32755}.Debug|x64.Build.0 = Debug|Any CPU
		{AA0D6EB9-98E3-4280-A576-6757C1F32755}.Debug|x64.Deploy.0 = Debug|Any CPU
		{AA0D6EB9-98E3-4280-A576-6757C1F32755}.Debug|x86.ActiveCfg = Debug|Any CPU
		{AA0D6EB9-98E3-4280-A576-6757C1F32755}.Debug|x86.Build.0 = Debug|Any CPU
		{AA0D6EB9-98E3-4280-A576-6757C1F32755}.Debug|x86.Deploy.0 = Debug|Any CPU
		{AA0D6EB9-98E3-4280-A576-6757C1F32755}.Release|Any CPU.ActiveCfg = Release|Any CPU
		{AA0D6EB9-98E3-4280-A576-6757C1F32755}.Release|Any CPU.Build.0 = Release|Any CPU
		{AA0D6EB9-98E3-4280-A576-6757C1F32755}.Release|Any CPU.Deploy.0 = Release|Any CPU
		{AA0D6EB9-98E3-4280-A576-6757C1F32755}.Release|ARM.ActiveCfg = Release|Any CPU
		{AA0D6EB9-98E3-4280-A576-6757C1F32755}.Release|ARM.Build.0 = Release|Any CPU
		{AA0D6EB9-98E3-4280-A576-6757C1F32755}.Release|ARM.Deploy.0 = Release|Any CPU
		{AA0D6EB9-98E3-4280-A576-6757C1F32755}.Release|iPhone.ActiveCfg = Release|Any CPU
		{AA0D6EB9-98E3-4280-A576-6757C1F32755}.Release|iPhone.Build.0 = Release|Any CPU
		{AA0D6EB9-98E3-4280-A576-6757C1F32755}.Release|iPhone.Deploy.0 = Release|Any CPU
		{AA0D6EB9-98E3-4280-A576-6757C1F32755}.Release|iPhoneSimulator.ActiveCfg = Release|Any CPU
		{AA0D6EB9-98E3-4280-A576-6757C1F32755}.Release|iPhoneSimulator.Build.0 = Release|Any CPU
		{AA0D6EB9-98E3-4280-A576-6757C1F32755}.Release|iPhoneSimulator.Deploy.0 = Release|Any CPU
		{AA0D6EB9-98E3-4280-A576-6757C1F32755}.Release|x64.ActiveCfg = Release|Any CPU
		{AA0D6EB9-98E3-4280-A576-6757C1F32755}.Release|x64.Build.0 = Release|Any CPU
		{AA0D6EB9-98E3-4280-A576-6757C1F32755}.Release|x64.Deploy.0 = Release|Any CPU
		{AA0D6EB9-98E3-4280-A576-6757C1F32755}.Release|x86.ActiveCfg = Release|Any CPU
		{AA0D6EB9-98E3-4280-A576-6757C1F32755}.Release|x86.Build.0 = Release|Any CPU
		{AA0D6EB9-98E3-4280-A576-6757C1F32755}.Release|x86.Deploy.0 = Release|Any CPU
	EndGlobalSection
	GlobalSection(SolutionProperties) = preSolution
		HideSolutionNode = FALSE
	EndGlobalSection
	GlobalSection(ExtensibilityGlobals) = postSolution
		SolutionGuid = {829B5CFF-1A42-43A8-80E9-B3C3DC8F7513}
	EndGlobalSection
EndGlobal
