
Microsoft Visual Studio Solution File, Format Version 12.00
# Visual Studio 15
VisualStudioVersion = 15.0.28010.2019
MinimumVisualStudioVersion = 10.0.40219.1
Project("{FAE04EC0-301F-11D3-BF4B-00C04F79EFBC}") = "App02_Xamarin.Android", "App02_Xamarin\App02_Xamarin.Android\App02_Xamarin.Android.csproj", "{F5447669-A13B-4EB7-9409-000F769930EB}"
EndProject
Project("{FAE04EC0-301F-11D3-BF4B-00C04F79EFBC}") = "App02_Xamarin.iOS", "App02_Xamarin\App02_Xamarin.iOS\App02_Xamarin.iOS.csproj", "{BA764C66-173F-4CB4-A1AA-DF526CE0C5B4}"
EndProject
Project("{FAE04EC0-301F-11D3-BF4B-00C04F79EFBC}") = "App02_Xamarin.UWP", "App02_Xamarin\App02_Xamarin.UWP\App02_Xamarin.UWP.csproj", "{3C0BB8A1-B2E4-449E-A4AB-837280311B88}"
EndProject
Project("{FAE04EC0-301F-11D3-BF4B-00C04F79EFBC}") = "App02_Xamarin", "App02_Xamarin\App02_Xamarin\App02_Xamarin.csproj", "{5124556D-FD1F-4040-AC90-CD4E1772422E}"
EndProject
Global
	GlobalSection(SolutionConfigurationPlatforms) = preSolution
		Ad-Hoc|Any CPU = Ad-Hoc|Any CPU
		Ad-Hoc|ARM = Ad-Hoc|ARM
		Ad-Hoc|iPhone = Ad-Hoc|iPhone
		Ad-Hoc|iPhoneSimulator = Ad-Hoc|iPhoneSimulator
		Ad-Hoc|x64 = Ad-Hoc|x64
		Ad-Hoc|x86 = Ad-Hoc|x86
		AppStore|Any CPU = AppStore|Any CPU
		AppStore|ARM = AppStore|ARM
		AppStore|iPhone = AppStore|iPhone
		AppStore|iPhoneSimulator = AppStore|iPhoneSimulator
		AppStore|x64 = AppStore|x64
		AppStore|x86 = AppStore|x86
		Debug|Any CPU = Debug|Any CPU
		Debug|ARM = Debug|ARM
		Debug|iPhone = Debug|iPhone
		Debug|iPhoneSimulator = Debug|iPhoneSimulator
		Debug|x64 = Debug|x64
		Debug|x86 = Debug|x86
		Release|Any CPU = Release|Any CPU
		Release|ARM = Release|ARM
		Release|iPhone = Release|iPhone
		Release|iPhoneSimulator = Release|iPhoneSimulator
		Release|x64 = Release|x64
		Release|x86 = Release|x86
	EndGlobalSection
	GlobalSection(ProjectConfigurationPlatforms) = postSolution
		{F5447669-A13B-4EB7-9409-000F769930EB}.Ad-Hoc|Any CPU.ActiveCfg = Release|Any CPU
		{F5447669-A13B-4EB7-9409-000F769930EB}.Ad-Hoc|Any CPU.Build.0 = Release|Any CPU
		{F5447669-A13B-4EB7-9409-000F769930EB}.Ad-Hoc|Any CPU.Deploy.0 = Release|Any CPU
		{F5447669-A13B-4EB7-9409-000F769930EB}.Ad-Hoc|ARM.ActiveCfg = Release|Any CPU
		{F5447669-A13B-4EB7-9409-000F769930EB}.Ad-Hoc|ARM.Build.0 = Release|Any CPU
		{F5447669-A13B-4EB7-9409-000F769930EB}.Ad-Hoc|ARM.Deploy.0 = Release|Any CPU
		{F5447669-A13B-4EB7-9409-000F769930EB}.Ad-Hoc|iPhone.ActiveCfg = Release|Any CPU
		{F5447669-A13B-4EB7-9409-000F769930EB}.Ad-Hoc|iPhone.Build.0 = Release|Any CPU
		{F5447669-A13B-4EB7-9409-000F769930EB}.Ad-Hoc|iPhone.Deploy.0 = Release|Any CPU
		{F5447669-A13B-4EB7-9409-000F769930EB}.Ad-Hoc|iPhoneSimulator.ActiveCfg = Release|Any CPU
		{F5447669-A13B-4EB7-9409-000F769930EB}.Ad-Hoc|iPhoneSimulator.Build.0 = Release|Any CPU
		{F5447669-A13B-4EB7-9409-000F769930EB}.Ad-Hoc|iPhoneSimulator.Deploy.0 = Release|Any CPU
		{F5447669-A13B-4EB7-9409-000F769930EB}.Ad-Hoc|x64.ActiveCfg = Release|Any CPU
		{F5447669-A13B-4EB7-9409-000F769930EB}.Ad-Hoc|x64.Build.0 = Release|Any CPU
		{F5447669-A13B-4EB7-9409-000F769930EB}.Ad-Hoc|x64.Deploy.0 = Release|Any CPU
		{F5447669-A13B-4EB7-9409-000F769930EB}.Ad-Hoc|x86.ActiveCfg = Release|Any CPU
		{F5447669-A13B-4EB7-9409-000F769930EB}.Ad-Hoc|x86.Build.0 = Release|Any CPU
		{F5447669-A13B-4EB7-9409-000F769930EB}.Ad-Hoc|x86.Deploy.0 = Release|Any CPU
		{F5447669-A13B-4EB7-9409-000F769930EB}.AppStore|Any CPU.ActiveCfg = Release|Any CPU
		{F5447669-A13B-4EB7-9409-000F769930EB}.AppStore|Any CPU.Build.0 = Release|Any CPU
		{F5447669-A13B-4EB7-9409-000F769930EB}.AppStore|Any CPU.Deploy.0 = Release|Any CPU
		{F5447669-A13B-4EB7-9409-000F769930EB}.AppStore|ARM.ActiveCfg = Release|Any CPU
		{F5447669-A13B-4EB7-9409-000F769930EB}.AppStore|ARM.Build.0 = Release|Any CPU
		{F5447669-A13B-4EB7-9409-000F769930EB}.AppStore|ARM.Deploy.0 = Release|Any CPU
		{F5447669-A13B-4EB7-9409-000F769930EB}.AppStore|iPhone.ActiveCfg = Release|Any CPU
		{F5447669-A13B-4EB7-9409-000F769930EB}.AppStore|iPhone.Build.0 = Release|Any CPU
		{F5447669-A13B-4EB7-9409-000F769930EB}.AppStore|iPhone.Deploy.0 = Release|Any CPU
		{F5447669-A13B-4EB7-9409-000F769930EB}.AppStore|iPhoneSimulator.ActiveCfg = Release|Any CPU
		{F5447669-A13B-4EB7-9409-000F769930EB}.AppStore|iPhoneSimulator.Build.0 = Release|Any CPU
		{F5447669-A13B-4EB7-9409-000F769930EB}.AppStore|iPhoneSimulator.Deploy.0 = Release|Any CPU
		{F5447669-A13B-4EB7-9409-000F769930EB}.AppStore|x64.ActiveCfg = Release|Any CPU
		{F5447669-A13B-4EB7-9409-000F769930EB}.AppStore|x64.Build.0 = Release|Any CPU
		{F5447669-A13B-4EB7-9409-000F769930EB}.AppStore|x64.Deploy.0 = Release|Any CPU
		{F5447669-A13B-4EB7-9409-000F769930EB}.AppStore|x86.ActiveCfg = Release|Any CPU
		{F5447669-A13B-4EB7-9409-000F769930EB}.AppStore|x86.Build.0 = Release|Any CPU
		{F5447669-A13B-4EB7-9409-000F769930EB}.AppStore|x86.Deploy.0 = Release|Any CPU
		{F5447669-A13B-4EB7-9409-000F769930EB}.Debug|Any CPU.ActiveCfg = Debug|Any CPU
		{F5447669-A13B-4EB7-9409-000F769930EB}.Debug|Any CPU.Build.0 = Debug|Any CPU
		{F5447669-A13B-4EB7-9409-000F769930EB}.Debug|Any CPU.Deploy.0 = Debug|Any CPU
		{F5447669-A13B-4EB7-9409-000F769930EB}.Debug|ARM.ActiveCfg = Debug|Any CPU
		{F5447669-A13B-4EB7-9409-000F769930EB}.Debug|ARM.Build.0 = Debug|Any CPU
		{F5447669-A13B-4EB7-9409-000F769930EB}.Debug|ARM.Deploy.0 = Debug|Any CPU
		{F5447669-A13B-4EB7-9409-000F769930EB}.Debug|iPhone.ActiveCfg = Debug|Any CPU
		{F5447669-A13B-4EB7-9409-000F769930EB}.Debug|iPhone.Build.0 = Debug|Any CPU
		{F5447669-A13B-4EB7-9409-000F769930EB}.Debug|iPhone.Deploy.0 = Debug|Any CPU
		{F5447669-A13B-4EB7-9409-000F769930EB}.Debug|iPhoneSimulator.ActiveCfg = Debug|Any CPU
		{F5447669-A13B-4EB7-9409-000F769930EB}.Debug|iPhoneSimulator.Build.0 = Debug|Any CPU
		{F5447669-A13B-4EB7-9409-000F769930EB}.Debug|iPhoneSimulator.Deploy.0 = Debug|Any CPU
		{F5447669-A13B-4EB7-9409-000F769930EB}.Debug|x64.ActiveCfg = Debug|Any CPU
		{F5447669-A13B-4EB7-9409-000F769930EB}.Debug|x64.Build.0 = Debug|Any CPU
		{F5447669-A13B-4EB7-9409-000F769930EB}.Debug|x64.Deploy.0 = Debug|Any CPU
		{F5447669-A13B-4EB7-9409-000F769930EB}.Debug|x86.ActiveCfg = Debug|Any CPU
		{F5447669-A13B-4EB7-9409-000F769930EB}.Debug|x86.Build.0 = Debug|Any CPU
		{F5447669-A13B-4EB7-9409-000F769930EB}.Debug|x86.Deploy.0 = Debug|Any CPU
		{F5447669-A13B-4EB7-9409-000F769930EB}.Release|Any CPU.ActiveCfg = Release|Any CPU
		{F5447669-A13B-4EB7-9409-000F769930EB}.Release|Any CPU.Build.0 = Release|Any CPU
		{F5447669-A13B-4EB7-9409-000F769930EB}.Release|Any CPU.Deploy.0 = Release|Any CPU
		{F5447669-A13B-4EB7-9409-000F769930EB}.Release|ARM.ActiveCfg = Release|Any CPU
		{F5447669-A13B-4EB7-9409-000F769930EB}.Release|ARM.Build.0 = Release|Any CPU
		{F5447669-A13B-4EB7-9409-000F769930EB}.Release|ARM.Deploy.0 = Release|Any CPU
		{F5447669-A13B-4EB7-9409-000F769930EB}.Release|iPhone.ActiveCfg = Release|Any CPU
		{F5447669-A13B-4EB7-9409-000F769930EB}.Release|iPhone.Build.0 = Release|Any CPU
		{F5447669-A13B-4EB7-9409-000F769930EB}.Release|iPhone.Deploy.0 = Release|Any CPU
		{F5447669-A13B-4EB7-9409-000F769930EB}.Release|iPhoneSimulator.ActiveCfg = Release|Any CPU
		{F5447669-A13B-4EB7-9409-000F769930EB}.Release|iPhoneSimulator.Build.0 = Release|Any CPU
		{F5447669-A13B-4EB7-9409-000F769930EB}.Release|iPhoneSimulator.Deploy.0 = Release|Any CPU
		{F5447669-A13B-4EB7-9409-000F769930EB}.Release|x64.ActiveCfg = Release|Any CPU
		{F5447669-A13B-4EB7-9409-000F769930EB}.Release|x64.Build.0 = Release|Any CPU
		{F5447669-A13B-4EB7-9409-000F769930EB}.Release|x64.Deploy.0 = Release|Any CPU
		{F5447669-A13B-4EB7-9409-000F769930EB}.Release|x86.ActiveCfg = Release|Any CPU
		{F5447669-A13B-4EB7-9409-000F769930EB}.Release|x86.Build.0 = Release|Any CPU
		{F5447669-A13B-4EB7-9409-000F769930EB}.Release|x86.Deploy.0 = Release|Any CPU
		{BA764C66-173F-4CB4-A1AA-DF526CE0C5B4}.Ad-Hoc|Any CPU.ActiveCfg = Ad-Hoc|iPhone
		{BA764C66-173F-4CB4-A1AA-DF526CE0C5B4}.Ad-Hoc|Any CPU.Build.0 = Ad-Hoc|iPhone
		{BA764C66-173F-4CB4-A1AA-DF526CE0C5B4}.Ad-Hoc|Any CPU.Deploy.0 = Ad-Hoc|iPhone
		{BA764C66-173F-4CB4-A1AA-DF526CE0C5B4}.Ad-Hoc|ARM.ActiveCfg = Ad-Hoc|iPhone
		{BA764C66-173F-4CB4-A1AA-DF526CE0C5B4}.Ad-Hoc|ARM.Build.0 = Ad-Hoc|iPhone
		{BA764C66-173F-4CB4-A1AA-DF526CE0C5B4}.Ad-Hoc|ARM.Deploy.0 = Ad-Hoc|iPhone
		{BA764C66-173F-4CB4-A1AA-DF526CE0C5B4}.Ad-Hoc|iPhone.ActiveCfg = Ad-Hoc|iPhone
		{BA764C66-173F-4CB4-A1AA-DF526CE0C5B4}.Ad-Hoc|iPhone.Build.0 = Ad-Hoc|iPhone
		{BA764C66-173F-4CB4-A1AA-DF526CE0C5B4}.Ad-Hoc|iPhone.Deploy.0 = Ad-Hoc|iPhone
		{BA764C66-173F-4CB4-A1AA-DF526CE0C5B4}.Ad-Hoc|iPhoneSimulator.ActiveCfg = Ad-Hoc|iPhoneSimulator
		{BA764C66-173F-4CB4-A1AA-DF526CE0C5B4}.Ad-Hoc|iPhoneSimulator.Build.0 = Ad-Hoc|iPhoneSimulator
		{BA764C66-173F-4CB4-A1AA-DF526CE0C5B4}.Ad-Hoc|iPhoneSimulator.Deploy.0 = Ad-Hoc|iPhoneSimulator
		{BA764C66-173F-4CB4-A1AA-DF526CE0C5B4}.Ad-Hoc|x64.ActiveCfg = Ad-Hoc|iPhone
		{BA764C66-173F-4CB4-A1AA-DF526CE0C5B4}.Ad-Hoc|x64.Build.0 = Ad-Hoc|iPhone
		{BA764C66-173F-4CB4-A1AA-DF526CE0C5B4}.Ad-Hoc|x64.Deploy.0 = Ad-Hoc|iPhone
		{BA764C66-173F-4CB4-A1AA-DF526CE0C5B4}.Ad-Hoc|x86.ActiveCfg = Ad-Hoc|iPhone
		{BA764C66-173F-4CB4-A1AA-DF526CE0C5B4}.Ad-Hoc|x86.Build.0 = Ad-Hoc|iPhone
		{BA764C66-173F-4CB4-A1AA-DF526CE0C5B4}.Ad-Hoc|x86.Deploy.0 = Ad-Hoc|iPhone
		{BA764C66-173F-4CB4-A1AA-DF526CE0C5B4}.AppStore|Any CPU.ActiveCfg = AppStore|iPhone
		{BA764C66-173F-4CB4-A1AA-DF526CE0C5B4}.AppStore|Any CPU.Build.0 = AppStore|iPhone
		{BA764C66-173F-4CB4-A1AA-DF526CE0C5B4}.AppStore|Any CPU.Deploy.0 = AppStore|iPhone
		{BA764C66-173F-4CB4-A1AA-DF526CE0C5B4}.AppStore|ARM.ActiveCfg = AppStore|iPhone
		{BA764C66-173F-4CB4-A1AA-DF526CE0C5B4}.AppStore|ARM.Build.0 = AppStore|iPhone
		{BA764C66-173F-4CB4-A1AA-DF526CE0C5B4}.AppStore|ARM.Deploy.0 = AppStore|iPhone
		{BA764C66-173F-4CB4-A1AA-DF526CE0C5B4}.AppStore|iPhone.ActiveCfg = AppStore|iPhone
		{BA764C66-173F-4CB4-A1AA-DF526CE0C5B4}.AppStore|iPhone.Build.0 = AppStore|iPhone
		{BA764C66-173F-4CB4-A1AA-DF526CE0C5B4}.AppStore|iPhone.Deploy.0 = AppStore|iPhone
		{BA764C66-173F-4CB4-A1AA-DF526CE0C5B4}.AppStore|iPhoneSimulator.ActiveCfg = AppStore|iPhoneSimulator
		{BA764C66-173F-4CB4-A1AA-DF526CE0C5B4}.AppStore|iPhoneSimulator.Build.0 = AppStore|iPhoneSimulator
		{BA764C66-173F-4CB4-A1AA-DF526CE0C5B4}.AppStore|iPhoneSimulator.Deploy.0 = AppStore|iPhoneSimulator
		{BA764C66-173F-4CB4-A1AA-DF526CE0C5B4}.AppStore|x64.ActiveCfg = AppStore|iPhone
		{BA764C66-173F-4CB4-A1AA-DF526CE0C5B4}.AppStore|x64.Build.0 = AppStore|iPhone
		{BA764C66-173F-4CB4-A1AA-DF526CE0C5B4}.AppStore|x64.Deploy.0 = AppStore|iPhone
		{BA764C66-173F-4CB4-A1AA-DF526CE0C5B4}.AppStore|x86.ActiveCfg = AppStore|iPhone
		{BA764C66-173F-4CB4-A1AA-DF526CE0C5B4}.AppStore|x86.Build.0 = AppStore|iPhone
		{BA764C66-173F-4CB4-A1AA-DF526CE0C5B4}.AppStore|x86.Deploy.0 = AppStore|iPhone
		{BA764C66-173F-4CB4-A1AA-DF526CE0C5B4}.Debug|Any CPU.ActiveCfg = Debug|iPhoneSimulator
		{BA764C66-173F-4CB4-A1AA-DF526CE0C5B4}.Debug|Any CPU.Build.0 = Debug|iPhoneSimulator
		{BA764C66-173F-4CB4-A1AA-DF526CE0C5B4}.Debug|Any CPU.Deploy.0 = Debug|iPhoneSimulator
		{BA764C66-173F-4CB4-A1AA-DF526CE0C5B4}.Debug|ARM.ActiveCfg = Debug|iPhone
		{BA764C66-173F-4CB4-A1AA-DF526CE0C5B4}.Debug|ARM.Build.0 = Debug|iPhone
		{BA764C66-173F-4CB4-A1AA-DF526CE0C5B4}.Debug|ARM.Deploy.0 = Debug|iPhone
		{BA764C66-173F-4CB4-A1AA-DF526CE0C5B4}.Debug|iPhone.ActiveCfg = Debug|iPhone
		{BA764C66-173F-4CB4-A1AA-DF526CE0C5B4}.Debug|iPhone.Build.0 = Debug|iPhone
		{BA764C66-173F-4CB4-A1AA-DF526CE0C5B4}.Debug|iPhone.Deploy.0 = Debug|iPhone
		{BA764C66-173F-4CB4-A1AA-DF526CE0C5B4}.Debug|iPhoneSimulator.ActiveCfg = Debug|iPhoneSimulator
		{BA764C66-173F-4CB4-A1AA-DF526CE0C5B4}.Debug|iPhoneSimulator.Build.0 = Debug|iPhoneSimulator
		{BA764C66-173F-4CB4-A1AA-DF526CE0C5B4}.Debug|iPhoneSimulator.Deploy.0 = Debug|iPhoneSimulator
		{BA764C66-173F-4CB4-A1AA-DF526CE0C5B4}.Debug|x64.ActiveCfg = Debug|iPhone
		{BA764C66-173F-4CB4-A1AA-DF526CE0C5B4}.Debug|x64.Build.0 = Debug|iPhone
		{BA764C66-173F-4CB4-A1AA-DF526CE0C5B4}.Debug|x64.Deploy.0 = Debug|iPhone
		{BA764C66-173F-4CB4-A1AA-DF526CE0C5B4}.Debug|x86.ActiveCfg = Debug|iPhone
		{BA764C66-173F-4CB4-A1AA-DF526CE0C5B4}.Debug|x86.Build.0 = Debug|iPhone
		{BA764C66-173F-4CB4-A1AA-DF526CE0C5B4}.Debug|x86.Deploy.0 = Debug|iPhone
		{BA764C66-173F-4CB4-A1AA-DF526CE0C5B4}.Release|Any CPU.ActiveCfg = Release|iPhone
		{BA764C66-173F-4CB4-A1AA-DF526CE0C5B4}.Release|Any CPU.Build.0 = Release|iPhone
		{BA764C66-173F-4CB4-A1AA-DF526CE0C5B4}.Release|Any CPU.Deploy.0 = Release|iPhone
		{BA764C66-173F-4CB4-A1AA-DF526CE0C5B4}.Release|ARM.ActiveCfg = Release|iPhone
		{BA764C66-173F-4CB4-A1AA-DF526CE0C5B4}.Release|ARM.Build.0 = Release|iPhone
		{BA764C66-173F-4CB4-A1AA-DF526CE0C5B4}.Release|ARM.Deploy.0 = Release|iPhone
		{BA764C66-173F-4CB4-A1AA-DF526CE0C5B4}.Release|iPhone.ActiveCfg = Release|iPhone
		{BA764C66-173F-4CB4-A1AA-DF526CE0C5B4}.Release|iPhone.Build.0 = Release|iPhone
		{BA764C66-173F-4CB4-A1AA-DF526CE0C5B4}.Release|iPhone.Deploy.0 = Release|iPhone
		{BA764C66-173F-4CB4-A1AA-DF526CE0C5B4}.Release|iPhoneSimulator.ActiveCfg = Release|iPhoneSimulator
		{BA764C66-173F-4CB4-A1AA-DF526CE0C5B4}.Release|iPhoneSimulator.Build.0 = Release|iPhoneSimulator
		{BA764C66-173F-4CB4-A1AA-DF526CE0C5B4}.Release|iPhoneSimulator.Deploy.0 = Release|iPhoneSimulator
		{BA764C66-173F-4CB4-A1AA-DF526CE0C5B4}.Release|x64.ActiveCfg = Release|iPhone
		{BA764C66-173F-4CB4-A1AA-DF526CE0C5B4}.Release|x64.Build.0 = Release|iPhone
		{BA764C66-173F-4CB4-A1AA-DF526CE0C5B4}.Release|x64.Deploy.0 = Release|iPhone
		{BA764C66-173F-4CB4-A1AA-DF526CE0C5B4}.Release|x86.ActiveCfg = Release|iPhone
		{BA764C66-173F-4CB4-A1AA-DF526CE0C5B4}.Release|x86.Build.0 = Release|iPhone
		{BA764C66-173F-4CB4-A1AA-DF526CE0C5B4}.Release|x86.Deploy.0 = Release|iPhone
		{3C0BB8A1-B2E4-449E-A4AB-837280311B88}.Ad-Hoc|Any CPU.ActiveCfg = Release|x86
		{3C0BB8A1-B2E4-449E-A4AB-837280311B88}.Ad-Hoc|Any CPU.Build.0 = Release|x86
		{3C0BB8A1-B2E4-449E-A4AB-837280311B88}.Ad-Hoc|Any CPU.Deploy.0 = Release|x86
		{3C0BB8A1-B2E4-449E-A4AB-837280311B88}.Ad-Hoc|ARM.ActiveCfg = Release|ARM
		{3C0BB8A1-B2E4-449E-A4AB-837280311B88}.Ad-Hoc|ARM.Build.0 = Release|ARM
		{3C0BB8A1-B2E4-449E-A4AB-837280311B88}.Ad-Hoc|ARM.Deploy.0 = Release|ARM
		{3C0BB8A1-B2E4-449E-A4AB-837280311B88}.Ad-Hoc|iPhone.ActiveCfg = Release|x86
		{3C0BB8A1-B2E4-449E-A4AB-837280311B88}.Ad-Hoc|iPhone.Build.0 = Release|x86
		{3C0BB8A1-B2E4-449E-A4AB-837280311B88}.Ad-Hoc|iPhone.Deploy.0 = Release|x86
		{3C0BB8A1-B2E4-449E-A4AB-837280311B88}.Ad-Hoc|iPhoneSimulator.ActiveCfg = Release|x86
		{3C0BB8A1-B2E4-449E-A4AB-837280311B88}.Ad-Hoc|iPhoneSimulator.Build.0 = Release|x86
		{3C0BB8A1-B2E4-449E-A4AB-837280311B88}.Ad-Hoc|iPhoneSimulator.Deploy.0 = Release|x86
		{3C0BB8A1-B2E4-449E-A4AB-837280311B88}.Ad-Hoc|x64.ActiveCfg = Release|x64
		{3C0BB8A1-B2E4-449E-A4AB-837280311B88}.Ad-Hoc|x64.Build.0 = Release|x64
		{3C0BB8A1-B2E4-449E-A4AB-837280311B88}.Ad-Hoc|x64.Deploy.0 = Release|x64
		{3C0BB8A1-B2E4-449E-A4AB-837280311B88}.Ad-Hoc|x86.ActiveCfg = Release|x86
		{3C0BB8A1-B2E4-449E-A4AB-837280311B88}.Ad-Hoc|x86.Build.0 = Release|x86
		{3C0BB8A1-B2E4-449E-A4AB-837280311B88}.Ad-Hoc|x86.Deploy.0 = Release|x86
		{3C0BB8A1-B2E4-449E-A4AB-837280311B88}.AppStore|Any CPU.ActiveCfg = Release|x86
		{3C0BB8A1-B2E4-449E-A4AB-837280311B88}.AppStore|Any CPU.Build.0 = Release|x86
		{3C0BB8A1-B2E4-449E-A4AB-837280311B88}.AppStore|Any CPU.Deploy.0 = Release|x86
		{3C0BB8A1-B2E4-449E-A4AB-837280311B88}.AppStore|ARM.ActiveCfg = Release|ARM
		{3C0BB8A1-B2E4-449E-A4AB-837280311B88}.AppStore|ARM.Build.0 = Release|ARM
		{3C0BB8A1-B2E4-449E-A4AB-837280311B88}.AppStore|ARM.Deploy.0 = Release|ARM
		{3C0BB8A1-B2E4-449E-A4AB-837280311B88}.AppStore|iPhone.ActiveCfg = Release|x86
		{3C0BB8A1-B2E4-449E-A4AB-837280311B88}.AppStore|iPhone.Build.0 = Release|x86
		{3C0BB8A1-B2E4-449E-A4AB-837280311B88}.AppStore|iPhone.Deploy.0 = Release|x86
		{3C0BB8A1-B2E4-449E-A4AB-837280311B88}.AppStore|iPhoneSimulator.ActiveCfg = Release|x86
		{3C0BB8A1-B2E4-449E-A4AB-837280311B88}.AppStore|iPhoneSimulator.Build.0 = Release|x86
		{3C0BB8A1-B2E4-449E-A4AB-837280311B88}.AppStore|iPhoneSimulator.Deploy.0 = Release|x86
		{3C0BB8A1-B2E4-449E-A4AB-837280311B88}.AppStore|x64.ActiveCfg = Release|x64
		{3C0BB8A1-B2E4-449E-A4AB-837280311B88}.AppStore|x64.Build.0 = Release|x64
		{3C0BB8A1-B2E4-449E-A4AB-837280311B88}.AppStore|x64.Deploy.0 = Release|x64
		{3C0BB8A1-B2E4-449E-A4AB-837280311B88}.AppStore|x86.ActiveCfg = Release|x86
		{3C0BB8A1-B2E4-449E-A4AB-837280311B88}.AppStore|x86.Build.0 = Release|x86
		{3C0BB8A1-B2E4-449E-A4AB-837280311B88}.AppStore|x86.Deploy.0 = Release|x86
		{3C0BB8A1-B2E4-449E-A4AB-837280311B88}.Debug|Any CPU.ActiveCfg = Debug|x86
		{3C0BB8A1-B2E4-449E-A4AB-837280311B88}.Debug|Any CPU.Build.0 = Debug|x86
		{3C0BB8A1-B2E4-449E-A4AB-837280311B88}.Debug|Any CPU.Deploy.0 = Debug|x86
		{3C0BB8A1-B2E4-449E-A4AB-837280311B88}.Debug|ARM.ActiveCfg = Debug|ARM
		{3C0BB8A1-B2E4-449E-A4AB-837280311B88}.Debug|ARM.Build.0 = Debug|ARM
		{3C0BB8A1-B2E4-449E-A4AB-837280311B88}.Debug|ARM.Deploy.0 = Debug|ARM
		{3C0BB8A1-B2E4-449E-A4AB-837280311B88}.Debug|iPhone.ActiveCfg = Debug|x86
		{3C0BB8A1-B2E4-449E-A4AB-837280311B88}.Debug|iPhone.Build.0 = Debug|x86
		{3C0BB8A1-B2E4-449E-A4AB-837280311B88}.Debug|iPhone.Deploy.0 = Debug|x86
		{3C0BB8A1-B2E4-449E-A4AB-837280311B88}.Debug|iPhoneSimulator.ActiveCfg = Debug|x86
		{3C0BB8A1-B2E4-449E-A4AB-837280311B88}.Debug|iPhoneSimulator.Build.0 = Debug|x86
		{3C0BB8A1-B2E4-449E-A4AB-837280311B88}.Debug|iPhoneSimulator.Deploy.0 = Debug|x86
		{3C0BB8A1-B2E4-449E-A4AB-837280311B88}.Debug|x64.ActiveCfg = Debug|x64
		{3C0BB8A1-B2E4-449E-A4AB-837280311B88}.Debug|x64.Build.0 = Debug|x64
		{3C0BB8A1-B2E4-449E-A4AB-837280311B88}.Debug|x64.Deploy.0 = Debug|x64
		{3C0BB8A1-B2E4-449E-A4AB-837280311B88}.Debug|x86.ActiveCfg = Debug|x86
		{3C0BB8A1-B2E4-449E-A4AB-837280311B88}.Debug|x86.Build.0 = Debug|x86
		{3C0BB8A1-B2E4-449E-A4AB-837280311B88}.Debug|x86.Deploy.0 = Debug|x86
		{3C0BB8A1-B2E4-449E-A4AB-837280311B88}.Release|Any CPU.ActiveCfg = Release|x86
		{3C0BB8A1-B2E4-449E-A4AB-837280311B88}.Release|Any CPU.Build.0 = Release|x86
		{3C0BB8A1-B2E4-449E-A4AB-837280311B88}.Release|Any CPU.Deploy.0 = Release|x86
		{3C0BB8A1-B2E4-449E-A4AB-837280311B88}.Release|ARM.ActiveCfg = Release|ARM
		{3C0BB8A1-B2E4-449E-A4AB-837280311B88}.Release|ARM.Build.0 = Release|ARM
		{3C0BB8A1-B2E4-449E-A4AB-837280311B88}.Release|ARM.Deploy.0 = Release|ARM
		{3C0BB8A1-B2E4-449E-A4AB-837280311B88}.Release|iPhone.ActiveCfg = Release|x86
		{3C0BB8A1-B2E4-449E-A4AB-837280311B88}.Release|iPhone.Build.0 = Release|x86
		{3C0BB8A1-B2E4-449E-A4AB-837280311B88}.Release|iPhone.Deploy.0 = Release|x86
		{3C0BB8A1-B2E4-449E-A4AB-837280311B88}.Release|iPhoneSimulator.ActiveCfg = Release|x86
		{3C0BB8A1-B2E4-449E-A4AB-837280311B88}.Release|iPhoneSimulator.Build.0 = Release|x86
		{3C0BB8A1-B2E4-449E-A4AB-837280311B88}.Release|iPhoneSimulator.Deploy.0 = Release|x86
		{3C0BB8A1-B2E4-449E-A4AB-837280311B88}.Release|x64.ActiveCfg = Release|x64
		{3C0BB8A1-B2E4-449E-A4AB-837280311B88}.Release|x64.Build.0 = Release|x64
		{3C0BB8A1-B2E4-449E-A4AB-837280311B88}.Release|x64.Deploy.0 = Release|x64
		{3C0BB8A1-B2E4-449E-A4AB-837280311B88}.Release|x86.ActiveCfg = Release|x86
		{3C0BB8A1-B2E4-449E-A4AB-837280311B88}.Release|x86.Build.0 = Release|x86
		{3C0BB8A1-B2E4-449E-A4AB-837280311B88}.Release|x86.Deploy.0 = Release|x86
		{5124556D-FD1F-4040-AC90-CD4E1772422E}.Ad-Hoc|Any CPU.ActiveCfg = Debug|Any CPU
		{5124556D-FD1F-4040-AC90-CD4E1772422E}.Ad-Hoc|Any CPU.Build.0 = Debug|Any CPU
		{5124556D-FD1F-4040-AC90-CD4E1772422E}.Ad-Hoc|Any CPU.Deploy.0 = Debug|Any CPU
		{5124556D-FD1F-4040-AC90-CD4E1772422E}.Ad-Hoc|ARM.ActiveCfg = Debug|Any CPU
		{5124556D-FD1F-4040-AC90-CD4E1772422E}.Ad-Hoc|ARM.Build.0 = Debug|Any CPU
		{5124556D-FD1F-4040-AC90-CD4E1772422E}.Ad-Hoc|ARM.Deploy.0 = Debug|Any CPU
		{5124556D-FD1F-4040-AC90-CD4E1772422E}.Ad-Hoc|iPhone.ActiveCfg = Debug|Any CPU
		{5124556D-FD1F-4040-AC90-CD4E1772422E}.Ad-Hoc|iPhone.Build.0 = Debug|Any CPU
		{5124556D-FD1F-4040-AC90-CD4E1772422E}.Ad-Hoc|iPhone.Deploy.0 = Debug|Any CPU
		{5124556D-FD1F-4040-AC90-CD4E1772422E}.Ad-Hoc|iPhoneSimulator.ActiveCfg = Debug|Any CPU
		{5124556D-FD1F-4040-AC90-CD4E1772422E}.Ad-Hoc|iPhoneSimulator.Build.0 = Debug|Any CPU
		{5124556D-FD1F-4040-AC90-CD4E1772422E}.Ad-Hoc|iPhoneSimulator.Deploy.0 = Debug|Any CPU
		{5124556D-FD1F-4040-AC90-CD4E1772422E}.Ad-Hoc|x64.ActiveCfg = Debug|Any CPU
		{5124556D-FD1F-4040-AC90-CD4E1772422E}.Ad-Hoc|x64.Build.0 = Debug|Any CPU
		{5124556D-FD1F-4040-AC90-CD4E1772422E}.Ad-Hoc|x64.Deploy.0 = Debug|Any CPU
		{5124556D-FD1F-4040-AC90-CD4E1772422E}.Ad-Hoc|x86.ActiveCfg = Debug|Any CPU
		{5124556D-FD1F-4040-AC90-CD4E1772422E}.Ad-Hoc|x86.Build.0 = Debug|Any CPU
		{5124556D-FD1F-4040-AC90-CD4E1772422E}.Ad-Hoc|x86.Deploy.0 = Debug|Any CPU
		{5124556D-FD1F-4040-AC90-CD4E1772422E}.AppStore|Any CPU.ActiveCfg = Debug|Any CPU
		{5124556D-FD1F-4040-AC90-CD4E1772422E}.AppStore|Any CPU.Build.0 = Debug|Any CPU
		{5124556D-FD1F-4040-AC90-CD4E1772422E}.AppStore|Any CPU.Deploy.0 = Debug|Any CPU
		{5124556D-FD1F-4040-AC90-CD4E1772422E}.AppStore|ARM.ActiveCfg = Debug|Any CPU
		{5124556D-FD1F-4040-AC90-CD4E1772422E}.AppStore|ARM.Build.0 = Debug|Any CPU
		{5124556D-FD1F-4040-AC90-CD4E1772422E}.AppStore|ARM.Deploy.0 = Debug|Any CPU
		{5124556D-FD1F-4040-AC90-CD4E1772422E}.AppStore|iPhone.ActiveCfg = Debug|Any CPU
		{5124556D-FD1F-4040-AC90-CD4E1772422E}.AppStore|iPhone.Build.0 = Debug|Any CPU
		{5124556D-FD1F-4040-AC90-CD4E1772422E}.AppStore|iPhone.Deploy.0 = Debug|Any CPU
		{5124556D-FD1F-4040-AC90-CD4E1772422E}.AppStore|iPhoneSimulator.ActiveCfg = Debug|Any CPU
		{5124556D-FD1F-4040-AC90-CD4E1772422E}.AppStore|iPhoneSimulator.Build.0 = Debug|Any CPU
		{5124556D-FD1F-4040-AC90-CD4E1772422E}.AppStore|iPhoneSimulator.Deploy.0 = Debug|Any CPU
		{5124556D-FD1F-4040-AC90-CD4E1772422E}.AppStore|x64.ActiveCfg = Debug|Any CPU
		{5124556D-FD1F-4040-AC90-CD4E1772422E}.AppStore|x64.Build.0 = Debug|Any CPU
		{5124556D-FD1F-4040-AC90-CD4E1772422E}.AppStore|x64.Deploy.0 = Debug|Any CPU
		{5124556D-FD1F-4040-AC90-CD4E1772422E}.AppStore|x86.ActiveCfg = Debug|Any CPU
		{5124556D-FD1F-4040-AC90-CD4E1772422E}.AppStore|x86.Build.0 = Debug|Any CPU
		{5124556D-FD1F-4040-AC90-CD4E1772422E}.AppStore|x86.Deploy.0 = Debug|Any CPU
		{5124556D-FD1F-4040-AC90-CD4E1772422E}.Debug|Any CPU.ActiveCfg = Debug|Any CPU
		{5124556D-FD1F-4040-AC90-CD4E1772422E}.Debug|Any CPU.Build.0 = Debug|Any CPU
		{5124556D-FD1F-4040-AC90-CD4E1772422E}.Debug|Any CPU.Deploy.0 = Debug|Any CPU
		{5124556D-FD1F-4040-AC90-CD4E1772422E}.Debug|ARM.ActiveCfg = Debug|Any CPU
		{5124556D-FD1F-4040-AC90-CD4E1772422E}.Debug|ARM.Build.0 = Debug|Any CPU
		{5124556D-FD1F-4040-AC90-CD4E1772422E}.Debug|ARM.Deploy.0 = Debug|Any CPU
		{5124556D-FD1F-4040-AC90-CD4E1772422E}.Debug|iPhone.ActiveCfg = Debug|Any CPU
		{5124556D-FD1F-4040-AC90-CD4E1772422E}.Debug|iPhone.Build.0 = Debug|Any CPU
		{5124556D-FD1F-4040-AC90-CD4E1772422E}.Debug|iPhone.Deploy.0 = Debug|Any CPU
		{5124556D-FD1F-4040-AC90-CD4E1772422E}.Debug|iPhoneSimulator.ActiveCfg = Debug|Any CPU
		{5124556D-FD1F-4040-AC90-CD4E1772422E}.Debug|iPhoneSimulator.Build.0 = Debug|Any CPU
		{5124556D-FD1F-4040-AC90-CD4E1772422E}.Debug|iPhoneSimulator.Deploy.0 = Debug|Any CPU
		{5124556D-FD1F-4040-AC90-CD4E1772422E}.Debug|x64.ActiveCfg = Debug|Any CPU
		{5124556D-FD1F-4040-AC90-CD4E1772422E}.Debug|x64.Build.0 = Debug|Any CPU
		{5124556D-FD1F-4040-AC90-CD4E1772422E}.Debug|x64.Deploy.0 = Debug|Any CPU
		{5124556D-FD1F-4040-AC90-CD4E1772422E}.Debug|x86.ActiveCfg = Debug|Any CPU
		{5124556D-FD1F-4040-AC90-CD4E1772422E}.Debug|x86.Build.0 = Debug|Any CPU
		{5124556D-FD1F-4040-AC90-CD4E1772422E}.Debug|x86.Deploy.0 = Debug|Any CPU
		{5124556D-FD1F-4040-AC90-CD4E1772422E}.Release|Any CPU.ActiveCfg = Release|Any CPU
		{5124556D-FD1F-4040-AC90-CD4E1772422E}.Release|Any CPU.Build.0 = Release|Any CPU
		{5124556D-FD1F-4040-AC90-CD4E1772422E}.Release|Any CPU.Deploy.0 = Release|Any CPU
		{5124556D-FD1F-4040-AC90-CD4E1772422E}.Release|ARM.ActiveCfg = Release|Any CPU
		{5124556D-FD1F-4040-AC90-CD4E1772422E}.Release|ARM.Build.0 = Release|Any CPU
		{5124556D-FD1F-4040-AC90-CD4E1772422E}.Release|ARM.Deploy.0 = Release|Any CPU
		{5124556D-FD1F-4040-AC90-CD4E1772422E}.Release|iPhone.ActiveCfg = Release|Any CPU
		{5124556D-FD1F-4040-AC90-CD4E1772422E}.Release|iPhone.Build.0 = Release|Any CPU
		{5124556D-FD1F-4040-AC90-CD4E1772422E}.Release|iPhone.Deploy.0 = Release|Any CPU
		{5124556D-FD1F-4040-AC90-CD4E1772422E}.Release|iPhoneSimulator.ActiveCfg = Release|Any CPU
		{5124556D-FD1F-4040-AC90-CD4E1772422E}.Release|iPhoneSimulator.Build.0 = Release|Any CPU
		{5124556D-FD1F-4040-AC90-CD4E1772422E}.Release|iPhoneSimulator.Deploy.0 = Release|Any CPU
		{5124556D-FD1F-4040-AC90-CD4E1772422E}.Release|x64.ActiveCfg = Release|Any CPU
		{5124556D-FD1F-4040-AC90-CD4E1772422E}.Release|x64.Build.0 = Release|Any CPU
		{5124556D-FD1F-4040-AC90-CD4E1772422E}.Release|x64.Deploy.0 = Release|Any CPU
		{5124556D-FD1F-4040-AC90-CD4E1772422E}.Release|x86.ActiveCfg = Release|Any CPU
		{5124556D-FD1F-4040-AC90-CD4E1772422E}.Release|x86.Build.0 = Release|Any CPU
		{5124556D-FD1F-4040-AC90-CD4E1772422E}.Release|x86.Deploy.0 = Release|Any CPU
	EndGlobalSection
	GlobalSection(SolutionProperties) = preSolution
		HideSolutionNode = FALSE
	EndGlobalSection
	GlobalSection(ExtensibilityGlobals) = postSolution
		SolutionGuid = {5EDA26A1-853D-4C3C-88DA-A895F7A7A6A8}
	EndGlobalSection
EndGlobal
