
Microsoft Visual Studio Solution File, Format Version 12.00
# Visual Studio 15
VisualStudioVersion = 15.0.28010.2019
MinimumVisualStudioVersion = 10.0.40219.1
Project("{FAE04EC0-301F-11D3-BF4B-00C04F79EFBC}") = "App01_ConsultarCep.Android", "App01_ConsultarCep\App01_ConsultarCep.Android\App01_ConsultarCep.Android.csproj", "{B06F76BE-BAB1-4492-A3C8-7F78F583C86B}"
EndProject
Project("{FAE04EC0-301F-11D3-BF4B-00C04F79EFBC}") = "App01_ConsultarCep.iOS", "App01_ConsultarCep\App01_ConsultarCep.iOS\App01_ConsultarCep.iOS.csproj", "{BA971EDB-F126-4EE3-BC23-F197F036A3AD}"
EndProject
Project("{FAE04EC0-301F-11D3-BF4B-00C04F79EFBC}") = "App01_ConsultarCep.UWP", "App01_ConsultarCep\App01_ConsultarCep.UWP\App01_ConsultarCep.UWP.csproj", "{3FE3BB1B-D986-4A72-A4BA-75802FA4D002}"
EndProject
Project("{FAE04EC0-301F-11D3-BF4B-00C04F79EFBC}") = "App01_ConsultarCep", "App01_ConsultarCep\App01_ConsultarCep\App01_ConsultarCep.csproj", "{8A7097C6-0E7D-4477-9154-0B3677F6B5C0}"
EndProject
Global
	GlobalSection(SolutionConfigurationPlatforms) = preSolution
		Ad-Hoc|Any CPU = Ad-Hoc|Any CPU
		Ad-Hoc|ARM = Ad-Hoc|ARM
		Ad-Hoc|iPhone = Ad-Hoc|iPhone
		Ad-Hoc|iPhoneSimulator = Ad-Hoc|iPhoneSimulator
		Ad-Hoc|x64 = Ad-Hoc|x64
		Ad-Hoc|x86 = Ad-Hoc|x86
		AppStore|Any CPU = AppStore|Any CPU
		AppStore|ARM = AppStore|ARM
		AppStore|iPhone = AppStore|iPhone
		AppStore|iPhoneSimulator = AppStore|iPhoneSimulator
		AppStore|x64 = AppStore|x64
		AppStore|x86 = AppStore|x86
		Debug|Any CPU = Debug|Any CPU
		Debug|ARM = Debug|ARM
		Debug|iPhone = Debug|iPhone
		Debug|iPhoneSimulator = Debug|iPhoneSimulator
		Debug|x64 = Debug|x64
		Debug|x86 = Debug|x86
		Release|Any CPU = Release|Any CPU
		Release|ARM = Release|ARM
		Release|iPhone = Release|iPhone
		Release|iPhoneSimulator = Release|iPhoneSimulator
		Release|x64 = Release|x64
		Release|x86 = Release|x86
	EndGlobalSection
	GlobalSection(ProjectConfigurationPlatforms) = postSolution
		{B06F76BE-BAB1-4492-A3C8-7F78F583C86B}.Ad-Hoc|Any CPU.ActiveCfg = Release|Any CPU
		{B06F76BE-BAB1-4492-A3C8-7F78F583C86B}.Ad-Hoc|Any CPU.Build.0 = Release|Any CPU
		{B06F76BE-BAB1-4492-A3C8-7F78F583C86B}.Ad-Hoc|Any CPU.Deploy.0 = Release|Any CPU
		{B06F76BE-BAB1-4492-A3C8-7F78F583C86B}.Ad-Hoc|ARM.ActiveCfg = Release|Any CPU
		{B06F76BE-BAB1-4492-A3C8-7F78F583C86B}.Ad-Hoc|ARM.Build.0 = Release|Any CPU
		{B06F76BE-BAB1-4492-A3C8-7F78F583C86B}.Ad-Hoc|ARM.Deploy.0 = Release|Any CPU
		{B06F76BE-BAB1-4492-A3C8-7F78F583C86B}.Ad-Hoc|iPhone.ActiveCfg = Release|Any CPU
		{B06F76BE-BAB1-4492-A3C8-7F78F583C86B}.Ad-Hoc|iPhone.Build.0 = Release|Any CPU
		{B06F76BE-BAB1-4492-A3C8-7F78F583C86B}.Ad-Hoc|iPhone.Deploy.0 = Release|Any CPU
		{B06F76BE-BAB1-4492-A3C8-7F78F583C86B}.Ad-Hoc|iPhoneSimulator.ActiveCfg = Release|Any CPU
		{B06F76BE-BAB1-4492-A3C8-7F78F583C86B}.Ad-Hoc|iPhoneSimulator.Build.0 = Release|Any CPU
		{B06F76BE-BAB1-4492-A3C8-7F78F583C86B}.Ad-Hoc|iPhoneSimulator.Deploy.0 = Release|Any CPU
		{B06F76BE-BAB1-4492-A3C8-7F78F583C86B}.Ad-Hoc|x64.ActiveCfg = Release|Any CPU
		{B06F76BE-BAB1-4492-A3C8-7F78F583C86B}.Ad-Hoc|x64.Build.0 = Release|Any CPU
		{B06F76BE-BAB1-4492-A3C8-7F78F583C86B}.Ad-Hoc|x64.Deploy.0 = Release|Any CPU
		{B06F76BE-BAB1-4492-A3C8-7F78F583C86B}.Ad-Hoc|x86.ActiveCfg = Release|Any CPU
		{B06F76BE-BAB1-4492-A3C8-7F78F583C86B}.Ad-Hoc|x86.Build.0 = Release|Any CPU
		{B06F76BE-BAB1-4492-A3C8-7F78F583C86B}.Ad-Hoc|x86.Deploy.0 = Release|Any CPU
		{B06F76BE-BAB1-4492-A3C8-7F78F583C86B}.AppStore|Any CPU.ActiveCfg = Release|Any CPU
		{B06F76BE-BAB1-4492-A3C8-7F78F583C86B}.AppStore|Any CPU.Build.0 = Release|Any CPU
		{B06F76BE-BAB1-4492-A3C8-7F78F583C86B}.AppStore|Any CPU.Deploy.0 = Release|Any CPU
		{B06F76BE-BAB1-4492-A3C8-7F78F583C86B}.AppStore|ARM.ActiveCfg = Release|Any CPU
		{B06F76BE-BAB1-4492-A3C8-7F78F583C86B}.AppStore|ARM.Build.0 = Release|Any CPU
		{B06F76BE-BAB1-4492-A3C8-7F78F583C86B}.AppStore|ARM.Deploy.0 = Release|Any CPU
		{B06F76BE-BAB1-4492-A3C8-7F78F583C86B}.AppStore|iPhone.ActiveCfg = Release|Any CPU
		{B06F76BE-BAB1-4492-A3C8-7F78F583C86B}.AppStore|iPhone.Build.0 = Release|Any CPU
		{B06F76BE-BAB1-4492-A3C8-7F78F583C86B}.AppStore|iPhone.Deploy.0 = Release|Any CPU
		{B06F76BE-BAB1-4492-A3C8-7F78F583C86B}.AppStore|iPhoneSimulator.ActiveCfg = Release|Any CPU
		{B06F76BE-BAB1-4492-A3C8-7F78F583C86B}.AppStore|iPhoneSimulator.Build.0 = Release|Any CPU
		{B06F76BE-BAB1-4492-A3C8-7F78F583C86B}.AppStore|iPhoneSimulator.Deploy.0 = Release|Any CPU
		{B06F76BE-BAB1-4492-A3C8-7F78F583C86B}.AppStore|x64.ActiveCfg = Release|Any CPU
		{B06F76BE-BAB1-4492-A3C8-7F78F583C86B}.AppStore|x64.Build.0 = Release|Any CPU
		{B06F76BE-BAB1-4492-A3C8-7F78F583C86B}.AppStore|x64.Deploy.0 = Release|Any CPU
		{B06F76BE-BAB1-4492-A3C8-7F78F583C86B}.AppStore|x86.ActiveCfg = Release|Any CPU
		{B06F76BE-BAB1-4492-A3C8-7F78F583C86B}.AppStore|x86.Build.0 = Release|Any CPU
		{B06F76BE-BAB1-4492-A3C8-7F78F583C86B}.AppStore|x86.Deploy.0 = Release|Any CPU
		{B06F76BE-BAB1-4492-A3C8-7F78F583C86B}.Debug|Any CPU.ActiveCfg = Debug|Any CPU
		{B06F76BE-BAB1-4492-A3C8-7F78F583C86B}.Debug|Any CPU.Build.0 = Debug|Any CPU
		{B06F76BE-BAB1-4492-A3C8-7F78F583C86B}.Debug|Any CPU.Deploy.0 = Debug|Any CPU
		{B06F76BE-BAB1-4492-A3C8-7F78F583C86B}.Debug|ARM.ActiveCfg = Debug|Any CPU
		{B06F76BE-BAB1-4492-A3C8-7F78F583C86B}.Debug|ARM.Build.0 = Debug|Any CPU
		{B06F76BE-BAB1-4492-A3C8-7F78F583C86B}.Debug|ARM.Deploy.0 = Debug|Any CPU
		{B06F76BE-BAB1-4492-A3C8-7F78F583C86B}.Debug|iPhone.ActiveCfg = Debug|Any CPU
		{B06F76BE-BAB1-4492-A3C8-7F78F583C86B}.Debug|iPhone.Build.0 = Debug|Any CPU
		{B06F76BE-BAB1-4492-A3C8-7F78F583C86B}.Debug|iPhone.Deploy.0 = Debug|Any CPU
		{B06F76BE-BAB1-4492-A3C8-7F78F583C86B}.Debug|iPhoneSimulator.ActiveCfg = Debug|Any CPU
		{B06F76BE-BAB1-4492-A3C8-7F78F583C86B}.Debug|iPhoneSimulator.Build.0 = Debug|Any CPU
		{B06F76BE-BAB1-4492-A3C8-7F78F583C86B}.Debug|iPhoneSimulator.Deploy.0 = Debug|Any CPU
		{B06F76BE-BAB1-4492-A3C8-7F78F583C86B}.Debug|x64.ActiveCfg = Debug|Any CPU
		{B06F76BE-BAB1-4492-A3C8-7F78F583C86B}.Debug|x64.Build.0 = Debug|Any CPU
		{B06F76BE-BAB1-4492-A3C8-7F78F583C86B}.Debug|x64.Deploy.0 = Debug|Any CPU
		{B06F76BE-BAB1-4492-A3C8-7F78F583C86B}.Debug|x86.ActiveCfg = Debug|Any CPU
		{B06F76BE-BAB1-4492-A3C8-7F78F583C86B}.Debug|x86.Build.0 = Debug|Any CPU
		{B06F76BE-BAB1-4492-A3C8-7F78F583C86B}.Debug|x86.Deploy.0 = Debug|Any CPU
		{B06F76BE-BAB1-4492-A3C8-7F78F583C86B}.Release|Any CPU.ActiveCfg = Release|Any CPU
		{B06F76BE-BAB1-4492-A3C8-7F78F583C86B}.Release|Any CPU.Build.0 = Release|Any CPU
		{B06F76BE-BAB1-4492-A3C8-7F78F583C86B}.Release|Any CPU.Deploy.0 = Release|Any CPU
		{B06F76BE-BAB1-4492-A3C8-7F78F583C86B}.Release|ARM.ActiveCfg = Release|Any CPU
		{B06F76BE-BAB1-4492-A3C8-7F78F583C86B}.Release|ARM.Build.0 = Release|Any CPU
		{B06F76BE-BAB1-4492-A3C8-7F78F583C86B}.Release|ARM.Deploy.0 = Release|Any CPU
		{B06F76BE-BAB1-4492-A3C8-7F78F583C86B}.Release|iPhone.ActiveCfg = Release|Any CPU
		{B06F76BE-BAB1-4492-A3C8-7F78F583C86B}.Release|iPhone.Build.0 = Release|Any CPU
		{B06F76BE-BAB1-4492-A3C8-7F78F583C86B}.Release|iPhone.Deploy.0 = Release|Any CPU
		{B06F76BE-BAB1-4492-A3C8-7F78F583C86B}.Release|iPhoneSimulator.ActiveCfg = Release|Any CPU
		{B06F76BE-BAB1-4492-A3C8-7F78F583C86B}.Release|iPhoneSimulator.Build.0 = Release|Any CPU
		{B06F76BE-BAB1-4492-A3C8-7F78F583C86B}.Release|iPhoneSimulator.Deploy.0 = Release|Any CPU
		{B06F76BE-BAB1-4492-A3C8-7F78F583C86B}.Release|x64.ActiveCfg = Release|Any CPU
		{B06F76BE-BAB1-4492-A3C8-7F78F583C86B}.Release|x64.Build.0 = Release|Any CPU
		{B06F76BE-BAB1-4492-A3C8-7F78F583C86B}.Release|x64.Deploy.0 = Release|Any CPU
		{B06F76BE-BAB1-4492-A3C8-7F78F583C86B}.Release|x86.ActiveCfg = Release|Any CPU
		{B06F76BE-BAB1-4492-A3C8-7F78F583C86B}.Release|x86.Build.0 = Release|Any CPU
		{B06F76BE-BAB1-4492-A3C8-7F78F583C86B}.Release|x86.Deploy.0 = Release|Any CPU
		{BA971EDB-F126-4EE3-BC23-F197F036A3AD}.Ad-Hoc|Any CPU.ActiveCfg = Ad-Hoc|iPhone
		{BA971EDB-F126-4EE3-BC23-F197F036A3AD}.Ad-Hoc|Any CPU.Build.0 = Ad-Hoc|iPhone
		{BA971EDB-F126-4EE3-BC23-F197F036A3AD}.Ad-Hoc|Any CPU.Deploy.0 = Ad-Hoc|iPhone
		{BA971EDB-F126-4EE3-BC23-F197F036A3AD}.Ad-Hoc|ARM.ActiveCfg = Ad-Hoc|iPhone
		{BA971EDB-F126-4EE3-BC23-F197F036A3AD}.Ad-Hoc|ARM.Build.0 = Ad-Hoc|iPhone
		{BA971EDB-F126-4EE3-BC23-F197F036A3AD}.Ad-Hoc|ARM.Deploy.0 = Ad-Hoc|iPhone
		{BA971EDB-F126-4EE3-BC23-F197F036A3AD}.Ad-Hoc|iPhone.ActiveCfg = Ad-Hoc|iPhone
		{BA971EDB-F126-4EE3-BC23-F197F036A3AD}.Ad-Hoc|iPhone.Build.0 = Ad-Hoc|iPhone
		{BA971EDB-F126-4EE3-BC23-F197F036A3AD}.Ad-Hoc|iPhone.Deploy.0 = Ad-Hoc|iPhone
		{BA971EDB-F126-4EE3-BC23-F197F036A3AD}.Ad-Hoc|iPhoneSimulator.ActiveCfg = Ad-Hoc|iPhoneSimulator
		{BA971EDB-F126-4EE3-BC23-F197F036A3AD}.Ad-Hoc|iPhoneSimulator.Build.0 = Ad-Hoc|iPhoneSimulator
		{BA971EDB-F126-4EE3-BC23-F197F036A3AD}.Ad-Hoc|iPhoneSimulator.Deploy.0 = Ad-Hoc|iPhoneSimulator
		{BA971EDB-F126-4EE3-BC23-F197F036A3AD}.Ad-Hoc|x64.ActiveCfg = Ad-Hoc|iPhone
		{BA971EDB-F126-4EE3-BC23-F197F036A3AD}.Ad-Hoc|x64.Build.0 = Ad-Hoc|iPhone
		{BA971EDB-F126-4EE3-BC23-F197F036A3AD}.Ad-Hoc|x64.Deploy.0 = Ad-Hoc|iPhone
		{BA971EDB-F126-4EE3-BC23-F197F036A3AD}.Ad-Hoc|x86.ActiveCfg = Ad-Hoc|iPhone
		{BA971EDB-F126-4EE3-BC23-F197F036A3AD}.Ad-Hoc|x86.Build.0 = Ad-Hoc|iPhone
		{BA971EDB-F126-4EE3-BC23-F197F036A3AD}.Ad-Hoc|x86.Deploy.0 = Ad-Hoc|iPhone
		{BA971EDB-F126-4EE3-BC23-F197F036A3AD}.AppStore|Any CPU.ActiveCfg = AppStore|iPhone
		{BA971EDB-F126-4EE3-BC23-F197F036A3AD}.AppStore|Any CPU.Build.0 = AppStore|iPhone
		{BA971EDB-F126-4EE3-BC23-F197F036A3AD}.AppStore|Any CPU.Deploy.0 = AppStore|iPhone
		{BA971EDB-F126-4EE3-BC23-F197F036A3AD}.AppStore|ARM.ActiveCfg = AppStore|iPhone
		{BA971EDB-F126-4EE3-BC23-F197F036A3AD}.AppStore|ARM.Build.0 = AppStore|iPhone
		{BA971EDB-F126-4EE3-BC23-F197F036A3AD}.AppStore|ARM.Deploy.0 = AppStore|iPhone
		{BA971EDB-F126-4EE3-BC23-F197F036A3AD}.AppStore|iPhone.ActiveCfg = AppStore|iPhone
		{BA971EDB-F126-4EE3-BC23-F197F036A3AD}.AppStore|iPhone.Build.0 = AppStore|iPhone
		{BA971EDB-F126-4EE3-BC23-F197F036A3AD}.AppStore|iPhone.Deploy.0 = AppStore|iPhone
		{BA971EDB-F126-4EE3-BC23-F197F036A3AD}.AppStore|iPhoneSimulator.ActiveCfg = AppStore|iPhoneSimulator
		{BA971EDB-F126-4EE3-BC23-F197F036A3AD}.AppStore|iPhoneSimulator.Build.0 = AppStore|iPhoneSimulator
		{BA971EDB-F126-4EE3-BC23-F197F036A3AD}.AppStore|iPhoneSimulator.Deploy.0 = AppStore|iPhoneSimulator
		{BA971EDB-F126-4EE3-BC23-F197F036A3AD}.AppStore|x64.ActiveCfg = AppStore|iPhone
		{BA971EDB-F126-4EE3-BC23-F197F036A3AD}.AppStore|x64.Build.0 = AppStore|iPhone
		{BA971EDB-F126-4EE3-BC23-F197F036A3AD}.AppStore|x64.Deploy.0 = AppStore|iPhone
		{BA971EDB-F126-4EE3-BC23-F197F036A3AD}.AppStore|x86.ActiveCfg = AppStore|iPhone
		{BA971EDB-F126-4EE3-BC23-F197F036A3AD}.AppStore|x86.Build.0 = AppStore|iPhone
		{BA971EDB-F126-4EE3-BC23-F197F036A3AD}.AppStore|x86.Deploy.0 = AppStore|iPhone
		{BA971EDB-F126-4EE3-BC23-F197F036A3AD}.Debug|Any CPU.ActiveCfg = Debug|iPhoneSimulator
		{BA971EDB-F126-4EE3-BC23-F197F036A3AD}.Debug|Any CPU.Build.0 = Debug|iPhoneSimulator
		{BA971EDB-F126-4EE3-BC23-F197F036A3AD}.Debug|Any CPU.Deploy.0 = Debug|iPhoneSimulator
		{BA971EDB-F126-4EE3-BC23-F197F036A3AD}.Debug|ARM.ActiveCfg = Debug|iPhone
		{BA971EDB-F126-4EE3-BC23-F197F036A3AD}.Debug|ARM.Build.0 = Debug|iPhone
		{BA971EDB-F126-4EE3-BC23-F197F036A3AD}.Debug|ARM.Deploy.0 = Debug|iPhone
		{BA971EDB-F126-4EE3-BC23-F197F036A3AD}.Debug|iPhone.ActiveCfg = Debug|iPhone
		{BA971EDB-F126-4EE3-BC23-F197F036A3AD}.Debug|iPhone.Build.0 = Debug|iPhone
		{BA971EDB-F126-4EE3-BC23-F197F036A3AD}.Debug|iPhone.Deploy.0 = Debug|iPhone
		{BA971EDB-F126-4EE3-BC23-F197F036A3AD}.Debug|iPhoneSimulator.ActiveCfg = Debug|iPhoneSimulator
		{BA971EDB-F126-4EE3-BC23-F197F036A3AD}.Debug|iPhoneSimulator.Build.0 = Debug|iPhoneSimulator
		{BA971EDB-F126-4EE3-BC23-F197F036A3AD}.Debug|iPhoneSimulator.Deploy.0 = Debug|iPhoneSimulator
		{BA971EDB-F126-4EE3-BC23-F197F036A3AD}.Debug|x64.ActiveCfg = Debug|iPhone
		{BA971EDB-F126-4EE3-BC23-F197F036A3AD}.Debug|x64.Build.0 = Debug|iPhone
		{BA971EDB-F126-4EE3-BC23-F197F036A3AD}.Debug|x64.Deploy.0 = Debug|iPhone
		{BA971EDB-F126-4EE3-BC23-F197F036A3AD}.Debug|x86.ActiveCfg = Debug|iPhone
		{BA971EDB-F126-4EE3-BC23-F197F036A3AD}.Debug|x86.Build.0 = Debug|iPhone
		{BA971EDB-F126-4EE3-BC23-F197F036A3AD}.Debug|x86.Deploy.0 = Debug|iPhone
		{BA971EDB-F126-4EE3-BC23-F197F036A3AD}.Release|Any CPU.ActiveCfg = Release|iPhone
		{BA971EDB-F126-4EE3-BC23-F197F036A3AD}.Release|Any CPU.Build.0 = Release|iPhone
		{BA971EDB-F126-4EE3-BC23-F197F036A3AD}.Release|Any CPU.Deploy.0 = Release|iPhone
		{BA971EDB-F126-4EE3-BC23-F197F036A3AD}.Release|ARM.ActiveCfg = Release|iPhone
		{BA971EDB-F126-4EE3-BC23-F197F036A3AD}.Release|ARM.Build.0 = Release|iPhone
		{BA971EDB-F126-4EE3-BC23-F197F036A3AD}.Release|ARM.Deploy.0 = Release|iPhone
		{BA971EDB-F126-4EE3-BC23-F197F036A3AD}.Release|iPhone.ActiveCfg = Release|iPhone
		{BA971EDB-F126-4EE3-BC23-F197F036A3AD}.Release|iPhone.Build.0 = Release|iPhone
		{BA971EDB-F126-4EE3-BC23-F197F036A3AD}.Release|iPhone.Deploy.0 = Release|iPhone
		{BA971EDB-F126-4EE3-BC23-F197F036A3AD}.Release|iPhoneSimulator.ActiveCfg = Release|iPhoneSimulator
		{BA971EDB-F126-4EE3-BC23-F197F036A3AD}.Release|iPhoneSimulator.Build.0 = Release|iPhoneSimulator
		{BA971EDB-F126-4EE3-BC23-F197F036A3AD}.Release|iPhoneSimulator.Deploy.0 = Release|iPhoneSimulator
		{BA971EDB-F126-4EE3-BC23-F197F036A3AD}.Release|x64.ActiveCfg = Release|iPhone
		{BA971EDB-F126-4EE3-BC23-F197F036A3AD}.Release|x64.Build.0 = Release|iPhone
		{BA971EDB-F126-4EE3-BC23-F197F036A3AD}.Release|x64.Deploy.0 = Release|iPhone
		{BA971EDB-F126-4EE3-BC23-F197F036A3AD}.Release|x86.ActiveCfg = Release|iPhone
		{BA971EDB-F126-4EE3-BC23-F197F036A3AD}.Release|x86.Build.0 = Release|iPhone
		{BA971EDB-F126-4EE3-BC23-F197F036A3AD}.Release|x86.Deploy.0 = Release|iPhone
		{3FE3BB1B-D986-4A72-A4BA-75802FA4D002}.Ad-Hoc|Any CPU.ActiveCfg = Release|x86
		{3FE3BB1B-D986-4A72-A4BA-75802FA4D002}.Ad-Hoc|Any CPU.Build.0 = Release|x86
		{3FE3BB1B-D986-4A72-A4BA-75802FA4D002}.Ad-Hoc|Any CPU.Deploy.0 = Release|x86
		{3FE3BB1B-D986-4A72-A4BA-75802FA4D002}.Ad-Hoc|ARM.ActiveCfg = Release|ARM
		{3FE3BB1B-D986-4A72-A4BA-75802FA4D002}.Ad-Hoc|ARM.Build.0 = Release|ARM
		{3FE3BB1B-D986-4A72-A4BA-75802FA4D002}.Ad-Hoc|ARM.Deploy.0 = Release|ARM
		{3FE3BB1B-D986-4A72-A4BA-75802FA4D002}.Ad-Hoc|iPhone.ActiveCfg = Release|x86
		{3FE3BB1B-D986-4A72-A4BA-75802FA4D002}.Ad-Hoc|iPhone.Build.0 = Release|x86
		{3FE3BB1B-D986-4A72-A4BA-75802FA4D002}.Ad-Hoc|iPhone.Deploy.0 = Release|x86
		{3FE3BB1B-D986-4A72-A4BA-75802FA4D002}.Ad-Hoc|iPhoneSimulator.ActiveCfg = Release|x86
		{3FE3BB1B-D986-4A72-A4BA-75802FA4D002}.Ad-Hoc|iPhoneSimulator.Build.0 = Release|x86
		{3FE3BB1B-D986-4A72-A4BA-75802FA4D002}.Ad-Hoc|iPhoneSimulator.Deploy.0 = Release|x86
		{3FE3BB1B-D986-4A72-A4BA-75802FA4D002}.Ad-Hoc|x64.ActiveCfg = Release|x64
		{3FE3BB1B-D986-4A72-A4BA-75802FA4D002}.Ad-Hoc|x64.Build.0 = Release|x64
		{3FE3BB1B-D986-4A72-A4BA-75802FA4D002}.Ad-Hoc|x64.Deploy.0 = Release|x64
		{3FE3BB1B-D986-4A72-A4BA-75802FA4D002}.Ad-Hoc|x86.ActiveCfg = Release|x86
		{3FE3BB1B-D986-4A72-A4BA-75802FA4D002}.Ad-Hoc|x86.Build.0 = Release|x86
		{3FE3BB1B-D986-4A72-A4BA-75802FA4D002}.Ad-Hoc|x86.Deploy.0 = Release|x86
		{3FE3BB1B-D986-4A72-A4BA-75802FA4D002}.AppStore|Any CPU.ActiveCfg = Release|x86
		{3FE3BB1B-D986-4A72-A4BA-75802FA4D002}.AppStore|Any CPU.Build.0 = Release|x86
		{3FE3BB1B-D986-4A72-A4BA-75802FA4D002}.AppStore|Any CPU.Deploy.0 = Release|x86
		{3FE3BB1B-D986-4A72-A4BA-75802FA4D002}.AppStore|ARM.ActiveCfg = Release|ARM
		{3FE3BB1B-D986-4A72-A4BA-75802FA4D002}.AppStore|ARM.Build.0 = Release|ARM
		{3FE3BB1B-D986-4A72-A4BA-75802FA4D002}.AppStore|ARM.Deploy.0 = Release|ARM
		{3FE3BB1B-D986-4A72-A4BA-75802FA4D002}.AppStore|iPhone.ActiveCfg = Release|x86
		{3FE3BB1B-D986-4A72-A4BA-75802FA4D002}.AppStore|iPhone.Build.0 = Release|x86
		{3FE3BB1B-D986-4A72-A4BA-75802FA4D002}.AppStore|iPhone.Deploy.0 = Release|x86
		{3FE3BB1B-D986-4A72-A4BA-75802FA4D002}.AppStore|iPhoneSimulator.ActiveCfg = Release|x86
		{3FE3BB1B-D986-4A72-A4BA-75802FA4D002}.AppStore|iPhoneSimulator.Build.0 = Release|x86
		{3FE3BB1B-D986-4A72-A4BA-75802FA4D002}.AppStore|iPhoneSimulator.Deploy.0 = Release|x86
		{3FE3BB1B-D986-4A72-A4BA-75802FA4D002}.AppStore|x64.ActiveCfg = Release|x64
		{3FE3BB1B-D986-4A72-A4BA-75802FA4D002}.AppStore|x64.Build.0 = Release|x64
		{3FE3BB1B-D986-4A72-A4BA-75802FA4D002}.AppStore|x64.Deploy.0 = Release|x64
		{3FE3BB1B-D986-4A72-A4BA-75802FA4D002}.AppStore|x86.ActiveCfg = Release|x86
		{3FE3BB1B-D986-4A72-A4BA-75802FA4D002}.AppStore|x86.Build.0 = Release|x86
		{3FE3BB1B-D986-4A72-A4BA-75802FA4D002}.AppStore|x86.Deploy.0 = Release|x86
		{3FE3BB1B-D986-4A72-A4BA-75802FA4D002}.Debug|Any CPU.ActiveCfg = Debug|x86
		{3FE3BB1B-D986-4A72-A4BA-75802FA4D002}.Debug|Any CPU.Build.0 = Debug|x86
		{3FE3BB1B-D986-4A72-A4BA-75802FA4D002}.Debug|Any CPU.Deploy.0 = Debug|x86
		{3FE3BB1B-D986-4A72-A4BA-75802FA4D002}.Debug|ARM.ActiveCfg = Debug|ARM
		{3FE3BB1B-D986-4A72-A4BA-75802FA4D002}.Debug|ARM.Build.0 = Debug|ARM
		{3FE3BB1B-D986-4A72-A4BA-75802FA4D002}.Debug|ARM.Deploy.0 = Debug|ARM
		{3FE3BB1B-D986-4A72-A4BA-75802FA4D002}.Debug|iPhone.ActiveCfg = Debug|x86
		{3FE3BB1B-D986-4A72-A4BA-75802FA4D002}.Debug|iPhone.Build.0 = Debug|x86
		{3FE3BB1B-D986-4A72-A4BA-75802FA4D002}.Debug|iPhone.Deploy.0 = Debug|x86
		{3FE3BB1B-D986-4A72-A4BA-75802FA4D002}.Debug|iPhoneSimulator.ActiveCfg = Debug|x86
		{3FE3BB1B-D986-4A72-A4BA-75802FA4D002}.Debug|iPhoneSimulator.Build.0 = Debug|x86
		{3FE3BB1B-D986-4A72-A4BA-75802FA4D002}.Debug|iPhoneSimulator.Deploy.0 = Debug|x86
		{3FE3BB1B-D986-4A72-A4BA-75802FA4D002}.Debug|x64.ActiveCfg = Debug|x64
		{3FE3BB1B-D986-4A72-A4BA-75802FA4D002}.Debug|x64.Build.0 = Debug|x64
		{3FE3BB1B-D986-4A72-A4BA-75802FA4D002}.Debug|x64.Deploy.0 = Debug|x64
		{3FE3BB1B-D986-4A72-A4BA-75802FA4D002}.Debug|x86.ActiveCfg = Debug|x86
		{3FE3BB1B-D986-4A72-A4BA-75802FA4D002}.Debug|x86.Build.0 = Debug|x86
		{3FE3BB1B-D986-4A72-A4BA-75802FA4D002}.Debug|x86.Deploy.0 = Debug|x86
		{3FE3BB1B-D986-4A72-A4BA-75802FA4D002}.Release|Any CPU.ActiveCfg = Release|x86
		{3FE3BB1B-D986-4A72-A4BA-75802FA4D002}.Release|Any CPU.Build.0 = Release|x86
		{3FE3BB1B-D986-4A72-A4BA-75802FA4D002}.Release|Any CPU.Deploy.0 = Release|x86
		{3FE3BB1B-D986-4A72-A4BA-75802FA4D002}.Release|ARM.ActiveCfg = Release|ARM
		{3FE3BB1B-D986-4A72-A4BA-75802FA4D002}.Release|ARM.Build.0 = Release|ARM
		{3FE3BB1B-D986-4A72-A4BA-75802FA4D002}.Release|ARM.Deploy.0 = Release|ARM
		{3FE3BB1B-D986-4A72-A4BA-75802FA4D002}.Release|iPhone.ActiveCfg = Release|x86
		{3FE3BB1B-D986-4A72-A4BA-75802FA4D002}.Release|iPhone.Build.0 = Release|x86
		{3FE3BB1B-D986-4A72-A4BA-75802FA4D002}.Release|iPhone.Deploy.0 = Release|x86
		{3FE3BB1B-D986-4A72-A4BA-75802FA4D002}.Release|iPhoneSimulator.ActiveCfg = Release|x86
		{3FE3BB1B-D986-4A72-A4BA-75802FA4D002}.Release|iPhoneSimulator.Build.0 = Release|x86
		{3FE3BB1B-D986-4A72-A4BA-75802FA4D002}.Release|iPhoneSimulator.Deploy.0 = Release|x86
		{3FE3BB1B-D986-4A72-A4BA-75802FA4D002}.Release|x64.ActiveCfg = Release|x64
		{3FE3BB1B-D986-4A72-A4BA-75802FA4D002}.Release|x64.Build.0 = Release|x64
		{3FE3BB1B-D986-4A72-A4BA-75802FA4D002}.Release|x64.Deploy.0 = Release|x64
		{3FE3BB1B-D986-4A72-A4BA-75802FA4D002}.Release|x86.ActiveCfg = Release|x86
		{3FE3BB1B-D986-4A72-A4BA-75802FA4D002}.Release|x86.Build.0 = Release|x86
		{3FE3BB1B-D986-4A72-A4BA-75802FA4D002}.Release|x86.Deploy.0 = Release|x86
		{8A7097C6-0E7D-4477-9154-0B3677F6B5C0}.Ad-Hoc|Any CPU.ActiveCfg = Debug|Any CPU
		{8A7097C6-0E7D-4477-9154-0B3677F6B5C0}.Ad-Hoc|Any CPU.Build.0 = Debug|Any CPU
		{8A7097C6-0E7D-4477-9154-0B3677F6B5C0}.Ad-Hoc|Any CPU.Deploy.0 = Debug|Any CPU
		{8A7097C6-0E7D-4477-9154-0B3677F6B5C0}.Ad-Hoc|ARM.ActiveCfg = Debug|Any CPU
		{8A7097C6-0E7D-4477-9154-0B3677F6B5C0}.Ad-Hoc|ARM.Build.0 = Debug|Any CPU
		{8A7097C6-0E7D-4477-9154-0B3677F6B5C0}.Ad-Hoc|ARM.Deploy.0 = Debug|Any CPU
		{8A7097C6-0E7D-4477-9154-0B3677F6B5C0}.Ad-Hoc|iPhone.ActiveCfg = Debug|Any CPU
		{8A7097C6-0E7D-4477-9154-0B3677F6B5C0}.Ad-Hoc|iPhone.Build.0 = Debug|Any CPU
		{8A7097C6-0E7D-4477-9154-0B3677F6B5C0}.Ad-Hoc|iPhone.Deploy.0 = Debug|Any CPU
		{8A7097C6-0E7D-4477-9154-0B3677F6B5C0}.Ad-Hoc|iPhoneSimulator.ActiveCfg = Debug|Any CPU
		{8A7097C6-0E7D-4477-9154-0B3677F6B5C0}.Ad-Hoc|iPhoneSimulator.Build.0 = Debug|Any CPU
		{8A7097C6-0E7D-4477-9154-0B3677F6B5C0}.Ad-Hoc|iPhoneSimulator.Deploy.0 = Debug|Any CPU
		{8A7097C6-0E7D-4477-9154-0B3677F6B5C0}.Ad-Hoc|x64.ActiveCfg = Debug|Any CPU
		{8A7097C6-0E7D-4477-9154-0B3677F6B5C0}.Ad-Hoc|x64.Build.0 = Debug|Any CPU
		{8A7097C6-0E7D-4477-9154-0B3677F6B5C0}.Ad-Hoc|x64.Deploy.0 = Debug|Any CPU
		{8A7097C6-0E7D-4477-9154-0B3677F6B5C0}.Ad-Hoc|x86.ActiveCfg = Debug|Any CPU
		{8A7097C6-0E7D-4477-9154-0B3677F6B5C0}.Ad-Hoc|x86.Build.0 = Debug|Any CPU
		{8A7097C6-0E7D-4477-9154-0B3677F6B5C0}.Ad-Hoc|x86.Deploy.0 = Debug|Any CPU
		{8A7097C6-0E7D-4477-9154-0B3677F6B5C0}.AppStore|Any CPU.ActiveCfg = Debug|Any CPU
		{8A7097C6-0E7D-4477-9154-0B3677F6B5C0}.AppStore|Any CPU.Build.0 = Debug|Any CPU
		{8A7097C6-0E7D-4477-9154-0B3677F6B5C0}.AppStore|Any CPU.Deploy.0 = Debug|Any CPU
		{8A7097C6-0E7D-4477-9154-0B3677F6B5C0}.AppStore|ARM.ActiveCfg = Debug|Any CPU
		{8A7097C6-0E7D-4477-9154-0B3677F6B5C0}.AppStore|ARM.Build.0 = Debug|Any CPU
		{8A7097C6-0E7D-4477-9154-0B3677F6B5C0}.AppStore|ARM.Deploy.0 = Debug|Any CPU
		{8A7097C6-0E7D-4477-9154-0B3677F6B5C0}.AppStore|iPhone.ActiveCfg = Debug|Any CPU
		{8A7097C6-0E7D-4477-9154-0B3677F6B5C0}.AppStore|iPhone.Build.0 = Debug|Any CPU
		{8A7097C6-0E7D-4477-9154-0B3677F6B5C0}.AppStore|iPhone.Deploy.0 = Debug|Any CPU
		{8A7097C6-0E7D-4477-9154-0B3677F6B5C0}.AppStore|iPhoneSimulator.ActiveCfg = Debug|Any CPU
		{8A7097C6-0E7D-4477-9154-0B3677F6B5C0}.AppStore|iPhoneSimulator.Build.0 = Debug|Any CPU
		{8A7097C6-0E7D-4477-9154-0B3677F6B5C0}.AppStore|iPhoneSimulator.Deploy.0 = Debug|Any CPU
		{8A7097C6-0E7D-4477-9154-0B3677F6B5C0}.AppStore|x64.ActiveCfg = Debug|Any CPU
		{8A7097C6-0E7D-4477-9154-0B3677F6B5C0}.AppStore|x64.Build.0 = Debug|Any CPU
		{8A7097C6-0E7D-4477-9154-0B3677F6B5C0}.AppStore|x64.Deploy.0 = Debug|Any CPU
		{8A7097C6-0E7D-4477-9154-0B3677F6B5C0}.AppStore|x86.ActiveCfg = Debug|Any CPU
		{8A7097C6-0E7D-4477-9154-0B3677F6B5C0}.AppStore|x86.Build.0 = Debug|Any CPU
		{8A7097C6-0E7D-4477-9154-0B3677F6B5C0}.AppStore|x86.Deploy.0 = Debug|Any CPU
		{8A7097C6-0E7D-4477-9154-0B3677F6B5C0}.Debug|Any CPU.ActiveCfg = Debug|Any CPU
		{8A7097C6-0E7D-4477-9154-0B3677F6B5C0}.Debug|Any CPU.Build.0 = Debug|Any CPU
		{8A7097C6-0E7D-4477-9154-0B3677F6B5C0}.Debug|Any CPU.Deploy.0 = Debug|Any CPU
		{8A7097C6-0E7D-4477-9154-0B3677F6B5C0}.Debug|ARM.ActiveCfg = Debug|Any CPU
		{8A7097C6-0E7D-4477-9154-0B3677F6B5C0}.Debug|ARM.Build.0 = Debug|Any CPU
		{8A7097C6-0E7D-4477-9154-0B3677F6B5C0}.Debug|ARM.Deploy.0 = Debug|Any CPU
		{8A7097C6-0E7D-4477-9154-0B3677F6B5C0}.Debug|iPhone.ActiveCfg = Debug|Any CPU
		{8A7097C6-0E7D-4477-9154-0B3677F6B5C0}.Debug|iPhone.Build.0 = Debug|Any CPU
		{8A7097C6-0E7D-4477-9154-0B3677F6B5C0}.Debug|iPhone.Deploy.0 = Debug|Any CPU
		{8A7097C6-0E7D-4477-9154-0B3677F6B5C0}.Debug|iPhoneSimulator.ActiveCfg = Debug|Any CPU
		{8A7097C6-0E7D-4477-9154-0B3677F6B5C0}.Debug|iPhoneSimulator.Build.0 = Debug|Any CPU
		{8A7097C6-0E7D-4477-9154-0B3677F6B5C0}.Debug|iPhoneSimulator.Deploy.0 = Debug|Any CPU
		{8A7097C6-0E7D-4477-9154-0B3677F6B5C0}.Debug|x64.ActiveCfg = Debug|Any CPU
		{8A7097C6-0E7D-4477-9154-0B3677F6B5C0}.Debug|x64.Build.0 = Debug|Any CPU
		{8A7097C6-0E7D-4477-9154-0B3677F6B5C0}.Debug|x64.Deploy.0 = Debug|Any CPU
		{8A7097C6-0E7D-4477-9154-0B3677F6B5C0}.Debug|x86.ActiveCfg = Debug|Any CPU
		{8A7097C6-0E7D-4477-9154-0B3677F6B5C0}.Debug|x86.Build.0 = Debug|Any CPU
		{8A7097C6-0E7D-4477-9154-0B3677F6B5C0}.Debug|x86.Deploy.0 = Debug|Any CPU
		{8A7097C6-0E7D-4477-9154-0B3677F6B5C0}.Release|Any CPU.ActiveCfg = Release|Any CPU
		{8A7097C6-0E7D-4477-9154-0B3677F6B5C0}.Release|Any CPU.Build.0 = Release|Any CPU
		{8A7097C6-0E7D-4477-9154-0B3677F6B5C0}.Release|Any CPU.Deploy.0 = Release|Any CPU
		{8A7097C6-0E7D-4477-9154-0B3677F6B5C0}.Release|ARM.ActiveCfg = Release|Any CPU
		{8A7097C6-0E7D-4477-9154-0B3677F6B5C0}.Release|ARM.Build.0 = Release|Any CPU
		{8A7097C6-0E7D-4477-9154-0B3677F6B5C0}.Release|ARM.Deploy.0 = Release|Any CPU
		{8A7097C6-0E7D-4477-9154-0B3677F6B5C0}.Release|iPhone.ActiveCfg = Release|Any CPU
		{8A7097C6-0E7D-4477-9154-0B3677F6B5C0}.Release|iPhone.Build.0 = Release|Any CPU
		{8A7097C6-0E7D-4477-9154-0B3677F6B5C0}.Release|iPhone.Deploy.0 = Release|Any CPU
		{8A7097C6-0E7D-4477-9154-0B3677F6B5C0}.Release|iPhoneSimulator.ActiveCfg = Release|Any CPU
		{8A7097C6-0E7D-4477-9154-0B3677F6B5C0}.Release|iPhoneSimulator.Build.0 = Release|Any CPU
		{8A7097C6-0E7D-4477-9154-0B3677F6B5C0}.Release|iPhoneSimulator.Deploy.0 = Release|Any CPU
		{8A7097C6-0E7D-4477-9154-0B3677F6B5C0}.Release|x64.ActiveCfg = Release|Any CPU
		{8A7097C6-0E7D-4477-9154-0B3677F6B5C0}.Release|x64.Build.0 = Release|Any CPU
		{8A7097C6-0E7D-4477-9154-0B3677F6B5C0}.Release|x64.Deploy.0 = Release|Any CPU
		{8A7097C6-0E7D-4477-9154-0B3677F6B5C0}.Release|x86.ActiveCfg = Release|Any CPU
		{8A7097C6-0E7D-4477-9154-0B3677F6B5C0}.Release|x86.Build.0 = Release|Any CPU
		{8A7097C6-0E7D-4477-9154-0B3677F6B5C0}.Release|x86.Deploy.0 = Release|Any CPU
	EndGlobalSection
	GlobalSection(SolutionProperties) = preSolution
		HideSolutionNode = FALSE
	EndGlobalSection
	GlobalSection(ExtensibilityGlobals) = postSolution
		SolutionGuid = {C005E860-FAD2-4781-97A0-9D809CFB1C0E}
	EndGlobalSection
EndGlobal
